PODS:
  - ActionSheetPicker-3.0 (2.2.0)
  - Alamofire (3.5.0)
  - AWSCognito (2.4.8):
    - AWSCore (= 2.4.8)
  - AWSCore (2.4.8)
  - AWSDynamoDB (2.4.8):
    - AWSCore (= 2.4.8)
  - AWSS3 (2.4.8):
    - AWSCore (= 2.4.8)
  - Bolts (1.8.4):
    - Bolts/AppLinks (= 1.8.4)
    - Bolts/Tasks (= 1.8.4)
  - Bolts/AppLinks (1.8.4):
    - Bolts/Tasks
  - Bolts/Tasks (1.8.4)
  - DACircularProgress (2.3.1)
  - FBSDKCoreKit (4.15.1):
    - Bolts (~> 1.7)
  - FBSDKLoginKit (4.15.1):
    - FBSDKCoreKit
  - Flurry-iOS-SDK (7.6.6):
    - Flurry-iOS-SDK/FlurrySDK (= 7.6.6)
  - Flurry-iOS-SDK/FlurrySDK (7.6.6)
  - Instructions (0.5.0):
    - Instructions/Core (= 0.5.0)
  - Instructions/Core (0.5.0)
  - INTULocationManager (4.2.0)
  - KeychainAccess (3.0.0)
  - LocationPickerViewController (2.0.0)
  - MarqueeLabel (2.7.10):
    - MarqueeLabel/ObjC (= 2.7.10)
  - MarqueeLabel/ObjC (2.7.10)
  - PBJVision (0.4.2)
  - SCLAlertView (0.6.0)
  - SwiftDate (3.0.8)
  - SwiftyJSON (2.3.2)
  - VIMVideoPlayer (6.0.1)

DEPENDENCIES:
  - ActionSheetPicker-3.0
  - Alamofire
  - AWSCognito
  - AWSDynamoDB
  - AWSS3
  - DACircularProgress
  - FBSDKLoginKit
  - Flurry-iOS-SDK
  - Instructions
  - INTULocationManager
  - KeychainAccess
  - LocationPickerViewController
  - MarqueeLabel
  - PBJVision
  - SCLAlertView
  - SwiftDate
  - SwiftyJSON
  - VIMVideoPlayer

SPEC CHECKSUMS:
  ActionSheetPicker-3.0: d11a4c12c6aaf704b8a3f56d179198c99f3e41e6
  Alamofire: b70a7352335f8ea5babd0a923eb7e8eacc67b877
  AWSCognito: 63ae70c4ff94656f7a36892c45680bbb311b7381
  AWSCore: 7bc7e845f532dedc65b133cdf518bb44a2e28dfe
  AWSDynamoDB: aff5790ebf397c1865f99b7f764b67a3e7f379e0
  AWSS3: f48121d50ddd73e830c3522c44772a70fce29f27
  Bolts: 8a7995239dbe724f9cba2248b766d48b7ebdd322
  DACircularProgress: 4dd437c0fc3da5161cb289e07ac449493d41db71
  FBSDKCoreKit: fc7fa53d16b095ee3fd53f0cd59f1df8bcbb634d
  FBSDKLoginKit: 073f79b3b2e762fc6f54a283fe15f45372d59f5f
  Flurry-iOS-SDK: 97bbeec09cca666c2f1772f6e161c4f8ccff611e
  Instructions: 6976f674ce788aefec475be6f18500572f1645d4
  INTULocationManager: 73f8254b3d05c897c56bb13c190e5b7c648c0998
  KeychainAccess: 412bf2650d9aebfc8135a58103b90ec38caad7f8
  LocationPickerViewController: 600d08aba48879a920dbaf1c12d19a2292f2bbed
  MarqueeLabel: 5d722a0bef353178feb301130621b9b8e8b3fcb5
  PBJVision: fe43c9a58bb1c1277d16fd802fa836d25e034a45
  SCLAlertView: 0f6b3c23a48b4993564ff1dd3c065782e4b2b687
  SwiftDate: 971f8b9394f664f2226b9c3ab64e801a7291c612
  SwiftyJSON: 04ccea08915aa0109039157c7974cf0298da292a
  VIMVideoPlayer: f4ed0a9986294ec3684a2e6bdc738e30051ef4ef

PODFILE CHECKSUM: 16e8935bd23830ab123afaccd8c3ef4da39a7272

COCOAPODS: 1.0.1
