// !$*UTF8*$!
{
	archiveVersion = 1;
	classes = {
	};
	objectVersion = 46;
	objects = {

/* Begin PBXAggregateTarget section */
		1F3BA58E1C4C72DF00F3079F /* PartyVote */ = {
			isa = PBXAggregateTarget;
			buildConfigurationList = 1F3BA5901C4C72DF00F3079F /* Build configuration list for PBXAggregateTarget "PartyVote" */;
			buildPhases = (
				1F3BA58F1C4C72DF00F3079F /* ShellScript */,
			);
			dependencies = (
			);
			name = PartyVote;
			productName = PartyPurge;
		};
		1F74639A1C04A41700182278 /* PartyPurge */ = {
			isa = PBXAggregateTarget;
			buildConfigurationList = 1F74639B1C04A41700182278 /* Build configuration list for PBXAggregateTarget "PartyPurge" */;
			buildPhases = (
				1F74639F1C04B89900182278 /* ShellScript */,
			);
			dependencies = (
			);
			name = PartyPurge;
			productName = PartyPurge;
		};
/* End PBXAggregateTarget section */

/* Begin PBXBuildFile section */
		1F03C3761BA84F290037D7D8 /* Venue.swift in Sources */ = {isa = PBXBuildFile; fileRef = 1F03C3751BA84F290037D7D8 /* Venue.swift */; };
		1F03C3781BA8500F0037D7D8 /* Sample.swift in Sources */ = {isa = PBXBuildFile; fileRef = 1F03C3771BA8500F0037D7D8 /* Sample.swift */; };
		1F03C37A1BA898F20037D7D8 /* PartyPickerController.swift in Sources */ = {isa = PBXBuildFile; fileRef = 1F03C3791BA898F20037D7D8 /* PartyPickerController.swift */; };
		1F03C37C1BA8E1950037D7D8 /* CoreLocation.framework in Frameworks */ = {isa = PBXBuildFile; fileRef = 1F03C37B1BA8E1950037D7D8 /* CoreLocation.framework */; };
		1F08469D1C32C0490064FBDD /* VenueTableCell.swift in Sources */ = {isa = PBXBuildFile; fileRef = 1F08469C1C32C0490064FBDD /* VenueTableCell.swift */; };
		1F10FD961C624A050090743C /* AnimalTableCell.swift in Sources */ = {isa = PBXBuildFile; fileRef = 1F10FD951C624A050090743C /* AnimalTableCell.swift */; };
		1F1580391D464CBD00A338EB /* SharingOptionsController.swift in Sources */ = {isa = PBXBuildFile; fileRef = 1F1580381D464CBD00A338EB /* SharingOptionsController.swift */; };
		1F17124E1DCA539200829FA2 /* PartyKeys.swift in Sources */ = {isa = PBXBuildFile; fileRef = 1F17124D1DCA539200829FA2 /* PartyKeys.swift */; };
		1F226D3C1BEC2CEE00BB85E2 /* BakeRootController.swift in Sources */ = {isa = PBXBuildFile; fileRef = 1F226D3B1BEC2CEE00BB85E2 /* BakeRootController.swift */; };
		1F263C801BE19C1B009A3565 /* PartyDefaults.plist in Resources */ = {isa = PBXBuildFile; fileRef = 1F263C7F1BE19C1B009A3565 /* PartyDefaults.plist */; };
		1F2AA0C41C9B918000363DA8 /* FetchQueryable.swift in Sources */ = {isa = PBXBuildFile; fileRef = 1F2AA0C31C9B918000363DA8 /* FetchQueryable.swift */; };
		1F2C485C1C8DBDE500DE07B2 /* Submission.swift in Sources */ = {isa = PBXBuildFile; fileRef = 1F2C485B1C8DBDE500DE07B2 /* Submission.swift */; };
		1F2DDB251C5E658C00E28DE4 /* Promotion.swift in Sources */ = {isa = PBXBuildFile; fileRef = 1F2DDB241C5E658C00E28DE4 /* Promotion.swift */; };
		1F3010991C9102B80047FA40 /* Advertisement.swift in Sources */ = {isa = PBXBuildFile; fileRef = 1F3010981C9102B80047FA40 /* Advertisement.swift */; };
		1F39157F1CCE806100FF7F89 /* UIColor+Uint.swift in Sources */ = {isa = PBXBuildFile; fileRef = 1F39157E1CCE806100FF7F89 /* UIColor+Uint.swift */; };
		1F3F54341C3EBED800DF9B2B /* PartyNotify.plist in Resources */ = {isa = PBXBuildFile; fileRef = 1F3F54331C3EBED800DF9B2B /* PartyNotify.plist */; };
		1F427A011BA59F4C00E622CF /* AppDelegate.swift in Sources */ = {isa = PBXBuildFile; fileRef = 1F427A001BA59F4C00E622CF /* AppDelegate.swift */; };
		1F427A061BA59F4C00E622CF /* Main.storyboard in Resources */ = {isa = PBXBuildFile; fileRef = 1F427A041BA59F4C00E622CF /* Main.storyboard */; };
		1F427A081BA59F4C00E622CF /* Assets.xcassets in Resources */ = {isa = PBXBuildFile; fileRef = 1F427A071BA59F4C00E622CF /* Assets.xcassets */; };
		1F427A0B1BA59F4C00E622CF /* LaunchScreen.storyboard in Resources */ = {isa = PBXBuildFile; fileRef = 1F427A091BA59F4C00E622CF /* LaunchScreen.storyboard */; };
		1F427A161BA59F4C00E622CF /* PartyUPTests.swift in Sources */ = {isa = PBXBuildFile; fileRef = 1F427A151BA59F4C00E622CF /* PartyUPTests.swift */; };
		1F427A211BA59F4C00E622CF /* PartyUPUITests.swift in Sources */ = {isa = PBXBuildFile; fileRef = 1F427A201BA59F4C00E622CF /* PartyUPUITests.swift */; };
		1F43C5C61CC3A40D00FA4156 /* AuthenticationManager.swift in Sources */ = {isa = PBXBuildFile; fileRef = 1F43C5C51CC3A40D00FA4156 /* AuthenticationManager.swift */; };
		1F43C5C81CC3AF8500FA4156 /* AuthenticationProvider.swift in Sources */ = {isa = PBXBuildFile; fileRef = 1F43C5C71CC3AF8500FA4156 /* AuthenticationProvider.swift */; };
		1F43C5CA1CC3B3AA00FA4156 /* FacebookAuthenticationProvider.swift in Sources */ = {isa = PBXBuildFile; fileRef = 1F43C5C91CC3B3AA00FA4156 /* FacebookAuthenticationProvider.swift */; };
		1F4650961CDCD60300957998 /* Address.swift in Sources */ = {isa = PBXBuildFile; fileRef = 1F4650951CDCD60300957998 /* Address.swift */; };
		1F69A6271CA5C73300A84731 /* NSDateComponentsFormatter+Postfix.swift in Sources */ = {isa = PBXBuildFile; fileRef = 1F69A6261CA5C73300A84731 /* NSDateComponentsFormatter+Postfix.swift */; };
		1F7687941BFE278200D96768 /* HudUtilities.swift in Sources */ = {isa = PBXBuildFile; fileRef = 1F7687931BFE278200D96768 /* HudUtilities.swift */; };
		1F783F4A1CAD99D100B5E753 /* CBU.gpx in Resources */ = {isa = PBXBuildFile; fileRef = 1F783F491CAD99D100B5E753 /* CBU.gpx */; };
		1F8BF1C11C1C55C500221D82 /* AcknowledgementsController.swift in Sources */ = {isa = PBXBuildFile; fileRef = 1F8BF1C01C1C55C500221D82 /* AcknowledgementsController.swift */; };
		1F8BF1C41C1C55DD00221D82 /* Acknowledge.storyboard in Resources */ = {isa = PBXBuildFile; fileRef = 1F8BF1C21C1C55DD00221D82 /* Acknowledge.storyboard */; };
		1F8EACE91D28636400BED59F /* Seedling.swift in Sources */ = {isa = PBXBuildFile; fileRef = 1F8EACE81D28636400BED59F /* Seedling.swift */; };
		1F93D48E1D2560860053AA98 /* User.swift in Sources */ = {isa = PBXBuildFile; fileRef = 1F93D48D1D2560860053AA98 /* User.swift */; };
		1F9509951BACACE8005BDC18 /* NSURL+Mime.swift in Sources */ = {isa = PBXBuildFile; fileRef = 1F9509941BACACE8005BDC18 /* NSURL+Mime.swift */; };
		1F9509971BAF81FB005BDC18 /* Dynamo.swift in Sources */ = {isa = PBXBuildFile; fileRef = 1F9509961BAF81FB005BDC18 /* Dynamo.swift */; };
		1F9879861C401D060079467E /* drink.caf in Resources */ = {isa = PBXBuildFile; fileRef = 1F9879851C401D060079467E /* drink.caf */; };
		1F98968C1C2239DE00B0DB29 /* Baking.storyboard in Resources */ = {isa = PBXBuildFile; fileRef = 1F98968E1C2239DE00B0DB29 /* Baking.storyboard */; };
		1F9896911C2239F000B0DB29 /* Tasting.storyboard in Resources */ = {isa = PBXBuildFile; fileRef = 1F9896931C2239F000B0DB29 /* Tasting.storyboard */; };
		1F9997451BB323D5003457E2 /* AVFoundation.framework in Frameworks */ = {isa = PBXBuildFile; fileRef = 1F9997441BB323D5003457E2 /* AVFoundation.framework */; };
		1F9997471BB48A99003457E2 /* SampleTastePageController.swift in Sources */ = {isa = PBXBuildFile; fileRef = 1F9997461BB48A99003457E2 /* SampleTastePageController.swift */; };
		1F9997491BB61939003457E2 /* RecordSampleController.swift in Sources */ = {isa = PBXBuildFile; fileRef = 1F9997481BB61939003457E2 /* RecordSampleController.swift */; };
		1F9C367F1C90594F006CD1FA /* AdvertisingOverlayController.swift in Sources */ = {isa = PBXBuildFile; fileRef = 1F9C367E1C90594F006CD1FA /* AdvertisingOverlayController.swift */; };
		1FB916501C6A42D700ED62DE /* PartyTableCell.swift in Sources */ = {isa = PBXBuildFile; fileRef = 1FB9164F1C6A42D700ED62DE /* PartyTableCell.swift */; };
		1FBD40031C11DCCD0093D852 /* RecruitPageController.swift in Sources */ = {isa = PBXBuildFile; fileRef = 1FBD40021C11DCCD0093D852 /* RecruitPageController.swift */; };
		1FBD40051C11E1060093D852 /* PageProtocol.swift in Sources */ = {isa = PBXBuildFile; fileRef = 1FBD40041C11E1060093D852 /* PageProtocol.swift */; };
		1FBD400A1C120F6B0093D852 /* InfoPlist.strings in Resources */ = {isa = PBXBuildFile; fileRef = 1FBD400C1C120F6B0093D852 /* InfoPlist.strings */; };
		1FBD400F1C120F6C0093D852 /* InfoPlist.strings in Resources */ = {isa = PBXBuildFile; fileRef = 1FBD40111C120F6C0093D852 /* InfoPlist.strings */; };
		1FBD40141C120F6C0093D852 /* Localizable.strings in Resources */ = {isa = PBXBuildFile; fileRef = 1FBD40161C120F6C0093D852 /* Localizable.strings */; };
		1FBD40191C120F6C0093D852 /* InfoPlist.strings in Resources */ = {isa = PBXBuildFile; fileRef = 1FBD401B1C120F6C0093D852 /* InfoPlist.strings */; };
		1FBD401D1C14609C0093D852 /* PartyPlace.swift in Sources */ = {isa = PBXBuildFile; fileRef = 1FBD401C1C14609C0093D852 /* PartyPlace.swift */; };
		1FC64B0C1CD6262D001C3C96 /* VideoUtilities.swift in Sources */ = {isa = PBXBuildFile; fileRef = 1FC64B0B1CD6262D001C3C96 /* VideoUtilities.swift */; };
		1FD0E0901BF56117005590C5 /* CALayer+RuntimeAttributes.swift in Sources */ = {isa = PBXBuildFile; fileRef = 1FD0E08F1BF56117005590C5 /* CALayer+RuntimeAttributes.swift */; };
		1FD1CDC61C8318B00003C744 /* Defensive.swift in Sources */ = {isa = PBXBuildFile; fileRef = 1FD1CDC51C8318B00003C744 /* Defensive.swift */; };
		1FD36F4E1CEBB38800FA1E8F /* PartyTableFooter.xib in Resources */ = {isa = PBXBuildFile; fileRef = 1FD36F4D1CEBB38800FA1E8F /* PartyTableFooter.xib */; };
		1FD775F41CCEBE5B00E1AC7F /* AuthenticationFlow.swift in Sources */ = {isa = PBXBuildFile; fileRef = 1FD775F31CCEBE5B00E1AC7F /* AuthenticationFlow.swift */; };
		1FD940AE1CB5DC8B006D01E4 /* TutorialOverlayManager.swift in Sources */ = {isa = PBXBuildFile; fileRef = 1FD940AD1CB5DC8B006D01E4 /* TutorialOverlayManager.swift */; };
		1FDA2F2A1BB1930D00D33540 /* SampleTastingContoller.swift in Sources */ = {isa = PBXBuildFile; fileRef = 1FDA2F291BB1930D00D33540 /* SampleTastingContoller.swift */; };
		1FDA455B1C1CECD200F5E458 /* ShareUtilities.swift in Sources */ = {isa = PBXBuildFile; fileRef = 1FDA455A1C1CECD200F5E458 /* ShareUtilities.swift */; };
		1FDDFB4A1D29DF18007A631D /* Tastable.swift in Sources */ = {isa = PBXBuildFile; fileRef = 1FDDFB491D29DF18007A631D /* Tastable.swift */; };
		1FDDFB4C1D2AA13C007A631D /* Votable.swift in Sources */ = {isa = PBXBuildFile; fileRef = 1FDDFB4B1D2AA13C007A631D /* Votable.swift */; };
		1FEF0D4D1BEE189F00A1F689 /* PartyRootController.swift in Sources */ = {isa = PBXBuildFile; fileRef = 1FEF0D4C1BEE189F00A1F689 /* PartyRootController.swift */; };
		1FEF51111BBF4D1500710948 /* AcceptSampleController.swift in Sources */ = {isa = PBXBuildFile; fileRef = 1FEF51101BBF4D1500710948 /* AcceptSampleController.swift */; };
		1FF051E31C1FB61800A7A67C /* WebPageController.swift in Sources */ = {isa = PBXBuildFile; fileRef = 1FF051E21C1FB61800A7A67C /* WebPageController.swift */; };
		1FF505D41CE21913009F0893 /* LocationUtilities.swift in Sources */ = {isa = PBXBuildFile; fileRef = 1FF505D31CE21913009F0893 /* LocationUtilities.swift */; };
		A5148DE2F84F035D2D9E5C25 /* Pods_PartyUP.framework in Frameworks */ = {isa = PBXBuildFile; fileRef = B0EB5432C74A4897FB1FA791 /* Pods_PartyUP.framework */; };
/* End PBXBuildFile section */

/* Begin PBXContainerItemProxy section */
		1F427A121BA59F4C00E622CF /* PBXContainerItemProxy */ = {
			isa = PBXContainerItemProxy;
			containerPortal = 1F4279F51BA59F4C00E622CF /* Project object */;
			proxyType = 1;
			remoteGlobalIDString = 1F4279FC1BA59F4C00E622CF;
			remoteInfo = PartyUP;
		};
		1F427A1D1BA59F4C00E622CF /* PBXContainerItemProxy */ = {
			isa = PBXContainerItemProxy;
			containerPortal = 1F4279F51BA59F4C00E622CF /* Project object */;
			proxyType = 1;
			remoteGlobalIDString = 1F4279FC1BA59F4C00E622CF;
			remoteInfo = PartyUP;
		};
/* End PBXContainerItemProxy section */

/* Begin PBXFileReference section */
		1F03C3751BA84F290037D7D8 /* Venue.swift */ = {isa = PBXFileReference; fileEncoding = 4; lastKnownFileType = sourcecode.swift; path = Venue.swift; sourceTree = "<group>"; };
		1F03C3771BA8500F0037D7D8 /* Sample.swift */ = {isa = PBXFileReference; fileEncoding = 4; lastKnownFileType = sourcecode.swift; path = Sample.swift; sourceTree = "<group>"; };
		1F03C3791BA898F20037D7D8 /* PartyPickerController.swift */ = {isa = PBXFileReference; fileEncoding = 4; lastKnownFileType = sourcecode.swift; path = PartyPickerController.swift; sourceTree = "<group>"; };
		1F03C37B1BA8E1950037D7D8 /* CoreLocation.framework */ = {isa = PBXFileReference; lastKnownFileType = wrapper.framework; name = CoreLocation.framework; path = System/Library/Frameworks/CoreLocation.framework; sourceTree = SDKROOT; };
		1F04FA661D8C97960025F134 /* PartyUP.entitlements */ = {isa = PBXFileReference; lastKnownFileType = text.plist.entitlements; path = PartyUP.entitlements; sourceTree = "<group>"; };
		1F08469C1C32C0490064FBDD /* VenueTableCell.swift */ = {isa = PBXFileReference; fileEncoding = 4; lastKnownFileType = sourcecode.swift; path = VenueTableCell.swift; sourceTree = "<group>"; };
		1F09183A1C6B80440020B498 /* Settings_Deploy.bundle */ = {isa = PBXFileReference; lastKnownFileType = "wrapper.plug-in"; path = Settings_Deploy.bundle; sourceTree = "<group>"; };
		1F10FD951C624A050090743C /* AnimalTableCell.swift */ = {isa = PBXFileReference; fileEncoding = 4; lastKnownFileType = sourcecode.swift; path = AnimalTableCell.swift; sourceTree = "<group>"; };
		1F1580381D464CBD00A338EB /* SharingOptionsController.swift */ = {isa = PBXFileReference; fileEncoding = 4; lastKnownFileType = sourcecode.swift; path = SharingOptionsController.swift; sourceTree = "<group>"; };
		1F17124D1DCA539200829FA2 /* PartyKeys.swift */ = {isa = PBXFileReference; fileEncoding = 4; lastKnownFileType = sourcecode.swift; path = PartyKeys.swift; sourceTree = "<group>"; };
		1F226D3B1BEC2CEE00BB85E2 /* BakeRootController.swift */ = {isa = PBXFileReference; fileEncoding = 4; lastKnownFileType = sourcecode.swift; path = BakeRootController.swift; sourceTree = "<group>"; };
		1F263C7F1BE19C1B009A3565 /* PartyDefaults.plist */ = {isa = PBXFileReference; fileEncoding = 4; lastKnownFileType = text.plist.xml; path = PartyDefaults.plist; sourceTree = "<group>"; };
		1F263C811BE39A53009A3565 /* Settings_Develop.bundle */ = {isa = PBXFileReference; lastKnownFileType = "wrapper.plug-in"; path = Settings_Develop.bundle; sourceTree = "<group>"; };
		1F2AA0C31C9B918000363DA8 /* FetchQueryable.swift */ = {isa = PBXFileReference; fileEncoding = 4; lastKnownFileType = sourcecode.swift; path = FetchQueryable.swift; sourceTree = "<group>"; };
		1F2C485B1C8DBDE500DE07B2 /* Submission.swift */ = {isa = PBXFileReference; fileEncoding = 4; lastKnownFileType = sourcecode.swift; path = Submission.swift; sourceTree = "<group>"; };
		1F2DDB241C5E658C00E28DE4 /* Promotion.swift */ = {isa = PBXFileReference; fileEncoding = 4; lastKnownFileType = sourcecode.swift; path = Promotion.swift; sourceTree = "<group>"; };
		1F3010981C9102B80047FA40 /* Advertisement.swift */ = {isa = PBXFileReference; fileEncoding = 4; lastKnownFileType = sourcecode.swift; path = Advertisement.swift; sourceTree = "<group>"; };
		1F39157E1CCE806100FF7F89 /* UIColor+Uint.swift */ = {isa = PBXFileReference; fileEncoding = 4; lastKnownFileType = sourcecode.swift; path = "UIColor+Uint.swift"; sourceTree = "<group>"; };
		1F3BA5931C4C752900F3079F /* vote.py */ = {isa = PBXFileReference; fileEncoding = 4; lastKnownFileType = text.script.python; name = vote.py; path = AWSLambdas/vote.py; sourceTree = "<group>"; usesTabs = 0; };
		1F3BA5941C4D168000F3079F /* VoteStream.json */ = {isa = PBXFileReference; fileEncoding = 4; lastKnownFileType = text.json; path = VoteStream.json; sourceTree = "<group>"; usesTabs = 0; };
		1F3F54331C3EBED800DF9B2B /* PartyNotify.plist */ = {isa = PBXFileReference; fileEncoding = 4; lastKnownFileType = text.plist.xml; path = PartyNotify.plist; sourceTree = "<group>"; };
		1F4279FD1BA59F4C00E622CF /* PartyUP.app */ = {isa = PBXFileReference; explicitFileType = wrapper.application; includeInIndex = 0; path = PartyUP.app; sourceTree = BUILT_PRODUCTS_DIR; };
		1F427A001BA59F4C00E622CF /* AppDelegate.swift */ = {isa = PBXFileReference; lastKnownFileType = sourcecode.swift; path = AppDelegate.swift; sourceTree = "<group>"; };
		1F427A051BA59F4C00E622CF /* Base */ = {isa = PBXFileReference; lastKnownFileType = file.storyboard; name = Base; path = Base.lproj/Main.storyboard; sourceTree = "<group>"; };
		1F427A071BA59F4C00E622CF /* Assets.xcassets */ = {isa = PBXFileReference; lastKnownFileType = folder.assetcatalog; path = Assets.xcassets; sourceTree = "<group>"; };
		1F427A0A1BA59F4C00E622CF /* Base */ = {isa = PBXFileReference; lastKnownFileType = file.storyboard; name = Base; path = Base.lproj/LaunchScreen.storyboard; sourceTree = "<group>"; };
		1F427A0C1BA59F4C00E622CF /* Info.plist */ = {isa = PBXFileReference; lastKnownFileType = text.plist.xml; path = Info.plist; sourceTree = "<group>"; };
		1F427A111BA59F4C00E622CF /* PartyUPTests.xctest */ = {isa = PBXFileReference; explicitFileType = wrapper.cfbundle; includeInIndex = 0; path = PartyUPTests.xctest; sourceTree = BUILT_PRODUCTS_DIR; };
		1F427A151BA59F4C00E622CF /* PartyUPTests.swift */ = {isa = PBXFileReference; lastKnownFileType = sourcecode.swift; path = PartyUPTests.swift; sourceTree = "<group>"; };
		1F427A171BA59F4C00E622CF /* Info.plist */ = {isa = PBXFileReference; lastKnownFileType = text.plist.xml; path = Info.plist; sourceTree = "<group>"; };
		1F427A1C1BA59F4C00E622CF /* PartyUPUITests.xctest */ = {isa = PBXFileReference; explicitFileType = wrapper.cfbundle; includeInIndex = 0; path = PartyUPUITests.xctest; sourceTree = BUILT_PRODUCTS_DIR; };
		1F427A201BA59F4C00E622CF /* PartyUPUITests.swift */ = {isa = PBXFileReference; lastKnownFileType = sourcecode.swift; path = PartyUPUITests.swift; sourceTree = "<group>"; };
		1F427A221BA59F4C00E622CF /* Info.plist */ = {isa = PBXFileReference; lastKnownFileType = text.plist.xml; path = Info.plist; sourceTree = "<group>"; };
		1F43C5C51CC3A40D00FA4156 /* AuthenticationManager.swift */ = {isa = PBXFileReference; fileEncoding = 4; lastKnownFileType = sourcecode.swift; path = AuthenticationManager.swift; sourceTree = "<group>"; };
		1F43C5C71CC3AF8500FA4156 /* AuthenticationProvider.swift */ = {isa = PBXFileReference; fileEncoding = 4; lastKnownFileType = sourcecode.swift; path = AuthenticationProvider.swift; sourceTree = "<group>"; };
		1F43C5C91CC3B3AA00FA4156 /* FacebookAuthenticationProvider.swift */ = {isa = PBXFileReference; fileEncoding = 4; lastKnownFileType = sourcecode.swift; path = FacebookAuthenticationProvider.swift; sourceTree = "<group>"; };
		1F4650951CDCD60300957998 /* Address.swift */ = {isa = PBXFileReference; fileEncoding = 4; lastKnownFileType = sourcecode.swift; path = Address.swift; sourceTree = "<group>"; };
		1F5B74501D5133A700A805DE /* fr-CA */ = {isa = PBXFileReference; lastKnownFileType = text.plist.strings; name = "fr-CA"; path = "fr-CA.lproj/Baking.strings"; sourceTree = "<group>"; };
		1F5B74511D5133A700A805DE /* fr-CA */ = {isa = PBXFileReference; lastKnownFileType = text.plist.strings; name = "fr-CA"; path = "fr-CA.lproj/Main.strings"; sourceTree = "<group>"; };
		1F5B74521D5133A700A805DE /* fr-CA */ = {isa = PBXFileReference; lastKnownFileType = text.plist.strings; name = "fr-CA"; path = "fr-CA.lproj/Tasting.strings"; sourceTree = "<group>"; };
		1F5B74531D5133A700A805DE /* fr-CA */ = {isa = PBXFileReference; lastKnownFileType = text.plist.strings; name = "fr-CA"; path = "fr-CA.lproj/Acknowledge.strings"; sourceTree = "<group>"; };
		1F5B74541D5133A700A805DE /* fr-CA */ = {isa = PBXFileReference; lastKnownFileType = text.plist.strings; name = "fr-CA"; path = "fr-CA.lproj/LaunchScreen.strings"; sourceTree = "<group>"; };
		1F5B74551D5133A800A805DE /* fr-CA */ = {isa = PBXFileReference; lastKnownFileType = text.plist.strings; name = "fr-CA"; path = "fr-CA.lproj/InfoPlist.strings"; sourceTree = "<group>"; };
		1F5B74561D5133A800A805DE /* fr-CA */ = {isa = PBXFileReference; lastKnownFileType = text.plist.strings; name = "fr-CA"; path = "fr-CA.lproj/Localizable.strings"; sourceTree = "<group>"; };
		1F5B74571D5133A800A805DE /* fr-CA */ = {isa = PBXFileReference; lastKnownFileType = text.plist.strings; name = "fr-CA"; path = "fr-CA.lproj/InfoPlist.strings"; sourceTree = "<group>"; };
		1F5B74581D5133A800A805DE /* fr-CA */ = {isa = PBXFileReference; lastKnownFileType = text.plist.strings; name = "fr-CA"; path = "fr-CA.lproj/InfoPlist.strings"; sourceTree = "<group>"; };
		1F69A6261CA5C73300A84731 /* NSDateComponentsFormatter+Postfix.swift */ = {isa = PBXFileReference; fileEncoding = 4; lastKnownFileType = sourcecode.swift; path = "NSDateComponentsFormatter+Postfix.swift"; sourceTree = "<group>"; };
		1F71B5DE1C0897E800F5740E /* Governors.gpx */ = {isa = PBXFileReference; fileEncoding = 4; lastKnownFileType = text.xml; name = Governors.gpx; path = Globetrotter/Governors.gpx; sourceTree = SOURCE_ROOT; };
		1F71B5DF1C0897E800F5740E /* Home.gpx */ = {isa = PBXFileReference; fileEncoding = 4; lastKnownFileType = text.xml; name = Home.gpx; path = Globetrotter/Home.gpx; sourceTree = SOURCE_ROOT; };
		1F7463981C04A0AE00182278 /* purge.py */ = {isa = PBXFileReference; lastKnownFileType = text.script.python; name = purge.py; path = AWSLambdas/purge.py; sourceTree = "<group>"; usesTabs = 0; };
		1F7687931BFE278200D96768 /* HudUtilities.swift */ = {isa = PBXFileReference; fileEncoding = 4; lastKnownFileType = sourcecode.swift; path = HudUtilities.swift; sourceTree = "<group>"; };
		1F783F491CAD99D100B5E753 /* CBU.gpx */ = {isa = PBXFileReference; fileEncoding = 4; lastKnownFileType = text.xml; name = CBU.gpx; path = Globetrotter/CBU.gpx; sourceTree = SOURCE_ROOT; };
		1F8BF1C01C1C55C500221D82 /* AcknowledgementsController.swift */ = {isa = PBXFileReference; fileEncoding = 4; lastKnownFileType = sourcecode.swift; path = AcknowledgementsController.swift; sourceTree = "<group>"; };
		1F8BF1C31C1C55DD00221D82 /* Base */ = {isa = PBXFileReference; lastKnownFileType = file.storyboard; name = Base; path = Base.lproj/Acknowledge.storyboard; sourceTree = "<group>"; };
		1F8EACE81D28636400BED59F /* Seedling.swift */ = {isa = PBXFileReference; fileEncoding = 4; lastKnownFileType = sourcecode.swift; path = Seedling.swift; sourceTree = "<group>"; };
		1F93D48D1D2560860053AA98 /* User.swift */ = {isa = PBXFileReference; fileEncoding = 4; lastKnownFileType = sourcecode.swift; path = User.swift; sourceTree = "<group>"; };
		1F9509941BACACE8005BDC18 /* NSURL+Mime.swift */ = {isa = PBXFileReference; fileEncoding = 4; lastKnownFileType = sourcecode.swift; path = "NSURL+Mime.swift"; sourceTree = "<group>"; };
		1F9509961BAF81FB005BDC18 /* Dynamo.swift */ = {isa = PBXFileReference; fileEncoding = 4; lastKnownFileType = sourcecode.swift; path = Dynamo.swift; sourceTree = "<group>"; };
		1F9879851C401D060079467E /* drink.caf */ = {isa = PBXFileReference; lastKnownFileType = file; path = drink.caf; sourceTree = "<group>"; };
		1F98968D1C2239DE00B0DB29 /* Base */ = {isa = PBXFileReference; lastKnownFileType = file.storyboard; name = Base; path = Base.lproj/Baking.storyboard; sourceTree = "<group>"; };
		1F9896901C2239E300B0DB29 /* en */ = {isa = PBXFileReference; lastKnownFileType = text.plist.strings; name = en; path = en.lproj/Baking.strings; sourceTree = "<group>"; };
		1F9896921C2239F000B0DB29 /* Base */ = {isa = PBXFileReference; lastKnownFileType = file.storyboard; name = Base; path = Base.lproj/Tasting.storyboard; sourceTree = "<group>"; };
		1F9896951C2239F300B0DB29 /* en */ = {isa = PBXFileReference; lastKnownFileType = text.plist.strings; name = en; path = en.lproj/Tasting.strings; sourceTree = "<group>"; };
		1F9997441BB323D5003457E2 /* AVFoundation.framework */ = {isa = PBXFileReference; lastKnownFileType = wrapper.framework; name = AVFoundation.framework; path = System/Library/Frameworks/AVFoundation.framework; sourceTree = SDKROOT; };
		1F9997461BB48A99003457E2 /* SampleTastePageController.swift */ = {isa = PBXFileReference; fileEncoding = 4; lastKnownFileType = sourcecode.swift; path = SampleTastePageController.swift; sourceTree = "<group>"; };
		1F9997481BB61939003457E2 /* RecordSampleController.swift */ = {isa = PBXFileReference; fileEncoding = 4; lastKnownFileType = sourcecode.swift; path = RecordSampleController.swift; sourceTree = "<group>"; };
		1F9C367E1C90594F006CD1FA /* AdvertisingOverlayController.swift */ = {isa = PBXFileReference; fileEncoding = 4; lastKnownFileType = sourcecode.swift; path = AdvertisingOverlayController.swift; sourceTree = "<group>"; };
		1FAB0ECA1C0B856600E3B392 /* Halifax.gpx */ = {isa = PBXFileReference; fileEncoding = 4; lastKnownFileType = text.xml; name = Halifax.gpx; path = Globetrotter/Halifax.gpx; sourceTree = SOURCE_ROOT; };
		1FB9164F1C6A42D700ED62DE /* PartyTableCell.swift */ = {isa = PBXFileReference; fileEncoding = 4; lastKnownFileType = sourcecode.swift; path = PartyTableCell.swift; sourceTree = "<group>"; };
		1FBD40021C11DCCD0093D852 /* RecruitPageController.swift */ = {isa = PBXFileReference; fileEncoding = 4; lastKnownFileType = sourcecode.swift; path = RecruitPageController.swift; sourceTree = "<group>"; };
		1FBD40041C11E1060093D852 /* PageProtocol.swift */ = {isa = PBXFileReference; fileEncoding = 4; lastKnownFileType = sourcecode.swift; path = PageProtocol.swift; sourceTree = "<group>"; };
		1FBD40061C120F6B0093D852 /* en */ = {isa = PBXFileReference; lastKnownFileType = text.plist.strings; name = en; path = en.lproj/Main.strings; sourceTree = "<group>"; };
		1FBD40071C120F6B0093D852 /* en */ = {isa = PBXFileReference; lastKnownFileType = text.plist.strings; name = en; path = en.lproj/LaunchScreen.strings; sourceTree = "<group>"; };
		1FBD400B1C120F6B0093D852 /* en */ = {isa = PBXFileReference; lastKnownFileType = text.plist.strings; name = en; path = en.lproj/InfoPlist.strings; sourceTree = "<group>"; };
		1FBD40101C120F6C0093D852 /* en */ = {isa = PBXFileReference; lastKnownFileType = text.plist.strings; name = en; path = en.lproj/InfoPlist.strings; sourceTree = "<group>"; };
		1FBD40151C120F6C0093D852 /* en */ = {isa = PBXFileReference; lastKnownFileType = text.plist.strings; name = en; path = en.lproj/Localizable.strings; sourceTree = "<group>"; };
		1FBD401A1C120F6C0093D852 /* en */ = {isa = PBXFileReference; lastKnownFileType = text.plist.strings; name = en; path = en.lproj/InfoPlist.strings; sourceTree = "<group>"; };
		1FBD401C1C14609C0093D852 /* PartyPlace.swift */ = {isa = PBXFileReference; fileEncoding = 4; lastKnownFileType = sourcecode.swift; path = PartyPlace.swift; sourceTree = "<group>"; };
		1FC64B0B1CD6262D001C3C96 /* VideoUtilities.swift */ = {isa = PBXFileReference; fileEncoding = 4; lastKnownFileType = sourcecode.swift; path = VideoUtilities.swift; sourceTree = "<group>"; };
		1FD0E08F1BF56117005590C5 /* CALayer+RuntimeAttributes.swift */ = {isa = PBXFileReference; fileEncoding = 4; lastKnownFileType = sourcecode.swift; path = "CALayer+RuntimeAttributes.swift"; sourceTree = "<group>"; };
		1FD1CDC51C8318B00003C744 /* Defensive.swift */ = {isa = PBXFileReference; fileEncoding = 4; lastKnownFileType = sourcecode.swift; path = Defensive.swift; sourceTree = "<group>"; };
		1FD36F4D1CEBB38800FA1E8F /* PartyTableFooter.xib */ = {isa = PBXFileReference; fileEncoding = 4; lastKnownFileType = file.xib; path = PartyTableFooter.xib; sourceTree = "<group>"; };
		1FD775F31CCEBE5B00E1AC7F /* AuthenticationFlow.swift */ = {isa = PBXFileReference; fileEncoding = 4; lastKnownFileType = sourcecode.swift; path = AuthenticationFlow.swift; sourceTree = "<group>"; };
		1FD940AD1CB5DC8B006D01E4 /* TutorialOverlayManager.swift */ = {isa = PBXFileReference; fileEncoding = 4; lastKnownFileType = sourcecode.swift; path = TutorialOverlayManager.swift; sourceTree = "<group>"; };
		1FDA2F291BB1930D00D33540 /* SampleTastingContoller.swift */ = {isa = PBXFileReference; fileEncoding = 4; lastKnownFileType = sourcecode.swift; path = SampleTastingContoller.swift; sourceTree = "<group>"; };
		1FDA455A1C1CECD200F5E458 /* ShareUtilities.swift */ = {isa = PBXFileReference; fileEncoding = 4; lastKnownFileType = sourcecode.swift; path = ShareUtilities.swift; sourceTree = "<group>"; };
		1FDDFB491D29DF18007A631D /* Tastable.swift */ = {isa = PBXFileReference; fileEncoding = 4; lastKnownFileType = sourcecode.swift; path = Tastable.swift; sourceTree = "<group>"; };
		1FDDFB4B1D2AA13C007A631D /* Votable.swift */ = {isa = PBXFileReference; fileEncoding = 4; lastKnownFileType = sourcecode.swift; path = Votable.swift; sourceTree = "<group>"; };
		1FEF0D4C1BEE189F00A1F689 /* PartyRootController.swift */ = {isa = PBXFileReference; fileEncoding = 4; lastKnownFileType = sourcecode.swift; path = PartyRootController.swift; sourceTree = "<group>"; };
		1FEF51101BBF4D1500710948 /* AcceptSampleController.swift */ = {isa = PBXFileReference; fileEncoding = 4; lastKnownFileType = sourcecode.swift; path = AcceptSampleController.swift; sourceTree = "<group>"; };
		1FF051E21C1FB61800A7A67C /* WebPageController.swift */ = {isa = PBXFileReference; fileEncoding = 4; lastKnownFileType = sourcecode.swift; path = WebPageController.swift; sourceTree = "<group>"; };
		1FF051E41C1FCB5900A7A67C /* en */ = {isa = PBXFileReference; lastKnownFileType = text.plist.strings; name = en; path = en.lproj/Acknowledge.strings; sourceTree = "<group>"; };
		1FF2BA991BCAC7A200336651 /* CoreData.framework */ = {isa = PBXFileReference; lastKnownFileType = wrapper.framework; name = CoreData.framework; path = System/Library/Frameworks/CoreData.framework; sourceTree = SDKROOT; };
		1FF505D31CE21913009F0893 /* LocationUtilities.swift */ = {isa = PBXFileReference; fileEncoding = 4; lastKnownFileType = sourcecode.swift; path = LocationUtilities.swift; sourceTree = "<group>"; };
		6849CE65CA63E961BFBB4CB1 /* Pods-PartyUP.deployment.xcconfig */ = {isa = PBXFileReference; includeInIndex = 1; lastKnownFileType = text.xcconfig; name = "Pods-PartyUP.deployment.xcconfig"; path = "Pods/Target Support Files/Pods-PartyUP/Pods-PartyUP.deployment.xcconfig"; sourceTree = "<group>"; };
		793B81F24B36638C7175C9DD /* Pods-PartyUP.debug.xcconfig */ = {isa = PBXFileReference; includeInIndex = 1; lastKnownFileType = text.xcconfig; name = "Pods-PartyUP.debug.xcconfig"; path = "Pods/Target Support Files/Pods-PartyUP/Pods-PartyUP.debug.xcconfig"; sourceTree = "<group>"; };
		982D63905D7661A56D375D81 /* Pods-PartyUP.release.xcconfig */ = {isa = PBXFileReference; includeInIndex = 1; lastKnownFileType = text.xcconfig; name = "Pods-PartyUP.release.xcconfig"; path = "Pods/Target Support Files/Pods-PartyUP/Pods-PartyUP.release.xcconfig"; sourceTree = "<group>"; };
		B0EB5432C74A4897FB1FA791 /* Pods_PartyUP.framework */ = {isa = PBXFileReference; explicitFileType = wrapper.framework; includeInIndex = 0; path = Pods_PartyUP.framework; sourceTree = BUILT_PRODUCTS_DIR; };
/* End PBXFileReference section */

/* Begin PBXFrameworksBuildPhase section */
		1F4279FA1BA59F4C00E622CF /* Frameworks */ = {
			isa = PBXFrameworksBuildPhase;
			buildActionMask = 2147483647;
			files = (
				1F9997451BB323D5003457E2 /* AVFoundation.framework in Frameworks */,
				1F03C37C1BA8E1950037D7D8 /* CoreLocation.framework in Frameworks */,
				A5148DE2F84F035D2D9E5C25 /* Pods_PartyUP.framework in Frameworks */,
			);
			runOnlyForDeploymentPostprocessing = 0;
		};
		1F427A0E1BA59F4C00E622CF /* Frameworks */ = {
			isa = PBXFrameworksBuildPhase;
			buildActionMask = 2147483647;
			files = (
			);
			runOnlyForDeploymentPostprocessing = 0;
		};
		1F427A191BA59F4C00E622CF /* Frameworks */ = {
			isa = PBXFrameworksBuildPhase;
			buildActionMask = 2147483647;
			files = (
			);
			runOnlyForDeploymentPostprocessing = 0;
		};
/* End PBXFrameworksBuildPhase section */

/* Begin PBXGroup section */
		1AA4866CCC751B01696E2D72 /* Frameworks */ = {
			isa = PBXGroup;
			children = (
				1FF2BA991BCAC7A200336651 /* CoreData.framework */,
				1F9997441BB323D5003457E2 /* AVFoundation.framework */,
				1F03C37B1BA8E1950037D7D8 /* CoreLocation.framework */,
				B0EB5432C74A4897FB1FA791 /* Pods_PartyUP.framework */,
			);
			name = Frameworks;
			sourceTree = "<group>";
		};
		1F03C3711BA84C5E0037D7D8 /* Support */ = {
			isa = PBXGroup;
			children = (
				1F9879851C401D060079467E /* drink.caf */,
				1F3F54331C3EBED800DF9B2B /* PartyNotify.plist */,
				1FBD401B1C120F6C0093D852 /* InfoPlist.strings */,
				1FBD40161C120F6C0093D852 /* Localizable.strings */,
				1F427A071BA59F4C00E622CF /* Assets.xcassets */,
				1F427A091BA59F4C00E622CF /* LaunchScreen.storyboard */,
				1F427A0C1BA59F4C00E622CF /* Info.plist */,
				1FF505D21CE2187C009F0893 /* Utilities */,
				1F69A6251CA5C64200A84731 /* Extensions */,
				1F17124D1DCA539200829FA2 /* PartyKeys.swift */,
			);
			name = Support;
			sourceTree = "<group>";
		};
		1F03C3721BA84DDC0037D7D8 /* Model */ = {
			isa = PBXGroup;
			children = (
				1F3010981C9102B80047FA40 /* Advertisement.swift */,
				1F2C485B1C8DBDE500DE07B2 /* Submission.swift */,
				1F2DDB241C5E658C00E28DE4 /* Promotion.swift */,
				1F03C3751BA84F290037D7D8 /* Venue.swift */,
				1F03C3771BA8500F0037D7D8 /* Sample.swift */,
				1F9509961BAF81FB005BDC18 /* Dynamo.swift */,
				1FBD401C1C14609C0093D852 /* PartyPlace.swift */,
				1FD1CDC51C8318B00003C744 /* Defensive.swift */,
				1F2AA0C31C9B918000363DA8 /* FetchQueryable.swift */,
				1F4650951CDCD60300957998 /* Address.swift */,
				1F8EACE81D28636400BED59F /* Seedling.swift */,
				1FDDFB491D29DF18007A631D /* Tastable.swift */,
				1FDDFB4B1D2AA13C007A631D /* Votable.swift */,
			);
			name = Model;
			sourceTree = "<group>";
		};
		1F2950A81C069D6100BCBF87 /* User Defaults */ = {
			isa = PBXGroup;
			children = (
				1F263C7F1BE19C1B009A3565 /* PartyDefaults.plist */,
				1F09183A1C6B80440020B498 /* Settings_Deploy.bundle */,
				1F263C811BE39A53009A3565 /* Settings_Develop.bundle */,
			);
			name = "User Defaults";
			sourceTree = "<group>";
		};
		1F4279F41BA59F4C00E622CF = {
			isa = PBXGroup;
			children = (
				1F4279FF1BA59F4C00E622CF /* PartyUP */,
				1F71B5DD1C0897B200F5740E /* Globetrotter */,
				1F7463991C04A11600182278 /* AWSLambdas */,
				1F427A141BA59F4C00E622CF /* PartyUPTests */,
				1F427A1F1BA59F4C00E622CF /* PartyUPUITests */,
				1F4279FE1BA59F4C00E622CF /* Products */,
				1AA4866CCC751B01696E2D72 /* Frameworks */,
				72028C0D86A752646C3B7E5D /* Pods */,
			);
			sourceTree = "<group>";
		};
		1F4279FE1BA59F4C00E622CF /* Products */ = {
			isa = PBXGroup;
			children = (
				1F4279FD1BA59F4C00E622CF /* PartyUP.app */,
				1F427A111BA59F4C00E622CF /* PartyUPTests.xctest */,
				1F427A1C1BA59F4C00E622CF /* PartyUPUITests.xctest */,
			);
			name = Products;
			sourceTree = "<group>";
		};
		1F4279FF1BA59F4C00E622CF /* PartyUP */ = {
			isa = PBXGroup;
			children = (
				1F04FA661D8C97960025F134 /* PartyUP.entitlements */,
				1F427A001BA59F4C00E622CF /* AppDelegate.swift */,
				1FDA2F281BB191D500D33540 /* Bake Sample */,
				1FDA2F261BB1914100D33540 /* Party */,
				1FDA2F271BB1916D00D33540 /* Taste Sample */,
				1F8BF1BF1C1C558900221D82 /* Acknowledgements */,
				1FDA455C1C1DAEFB00F5E458 /* Tutorial */,
				1F6110AD1CC17E50005DF677 /* Login */,
				1F03C3721BA84DDC0037D7D8 /* Model */,
				1F03C3711BA84C5E0037D7D8 /* Support */,
				1F2950A81C069D6100BCBF87 /* User Defaults */,
			);
			path = PartyUP;
			sourceTree = "<group>";
		};
		1F427A141BA59F4C00E622CF /* PartyUPTests */ = {
			isa = PBXGroup;
			children = (
				1FBD40111C120F6C0093D852 /* InfoPlist.strings */,
				1F427A151BA59F4C00E622CF /* PartyUPTests.swift */,
				1F427A171BA59F4C00E622CF /* Info.plist */,
			);
			path = PartyUPTests;
			sourceTree = "<group>";
		};
		1F427A1F1BA59F4C00E622CF /* PartyUPUITests */ = {
			isa = PBXGroup;
			children = (
				1FBD400C1C120F6B0093D852 /* InfoPlist.strings */,
				1F427A201BA59F4C00E622CF /* PartyUPUITests.swift */,
				1F427A221BA59F4C00E622CF /* Info.plist */,
			);
			path = PartyUPUITests;
			sourceTree = "<group>";
		};
		1F6110AD1CC17E50005DF677 /* Login */ = {
			isa = PBXGroup;
			children = (
				1F43C5C51CC3A40D00FA4156 /* AuthenticationManager.swift */,
				1F43C5C71CC3AF8500FA4156 /* AuthenticationProvider.swift */,
				1F43C5C91CC3B3AA00FA4156 /* FacebookAuthenticationProvider.swift */,
				1FD775F31CCEBE5B00E1AC7F /* AuthenticationFlow.swift */,
				1F93D48D1D2560860053AA98 /* User.swift */,
			);
			name = Login;
			sourceTree = "<group>";
		};
		1F69A6251CA5C64200A84731 /* Extensions */ = {
			isa = PBXGroup;
			children = (
				1F39157E1CCE806100FF7F89 /* UIColor+Uint.swift */,
				1FD0E08F1BF56117005590C5 /* CALayer+RuntimeAttributes.swift */,
				1F9509941BACACE8005BDC18 /* NSURL+Mime.swift */,
				1F69A6261CA5C73300A84731 /* NSDateComponentsFormatter+Postfix.swift */,
			);
			name = Extensions;
			sourceTree = "<group>";
		};
		1F71B5DD1C0897B200F5740E /* Globetrotter */ = {
			isa = PBXGroup;
			children = (
				1FAB0ECA1C0B856600E3B392 /* Halifax.gpx */,
				1F71B5DE1C0897E800F5740E /* Governors.gpx */,
				1F783F491CAD99D100B5E753 /* CBU.gpx */,
				1F71B5DF1C0897E800F5740E /* Home.gpx */,
			);
			name = Globetrotter;
			path = PartyUP;
			sourceTree = "<group>";
		};
		1F7463991C04A11600182278 /* AWSLambdas */ = {
			isa = PBXGroup;
			children = (
				1F7463981C04A0AE00182278 /* purge.py */,
				1F3BA5931C4C752900F3079F /* vote.py */,
				1F3BA5941C4D168000F3079F /* VoteStream.json */,
			);
			name = AWSLambdas;
			sourceTree = "<group>";
		};
		1F8BF1BF1C1C558900221D82 /* Acknowledgements */ = {
			isa = PBXGroup;
			children = (
				1F8BF1C21C1C55DD00221D82 /* Acknowledge.storyboard */,
				1F8BF1C01C1C55C500221D82 /* AcknowledgementsController.swift */,
				1FF051E21C1FB61800A7A67C /* WebPageController.swift */,
			);
			name = Acknowledgements;
			sourceTree = "<group>";
		};
		1FDA2F261BB1914100D33540 /* Party */ = {
			isa = PBXGroup;
			children = (
				1F427A041BA59F4C00E622CF /* Main.storyboard */,
				1F03C3791BA898F20037D7D8 /* PartyPickerController.swift */,
				1FEF0D4C1BEE189F00A1F689 /* PartyRootController.swift */,
				1F08469C1C32C0490064FBDD /* VenueTableCell.swift */,
				1F10FD951C624A050090743C /* AnimalTableCell.swift */,
				1FB9164F1C6A42D700ED62DE /* PartyTableCell.swift */,
				1FD36F4D1CEBB38800FA1E8F /* PartyTableFooter.xib */,
			);
			name = Party;
			sourceTree = "<group>";
		};
		1FDA2F271BB1916D00D33540 /* Taste Sample */ = {
			isa = PBXGroup;
			children = (
				1F9896931C2239F000B0DB29 /* Tasting.storyboard */,
				1FDA2F291BB1930D00D33540 /* SampleTastingContoller.swift */,
				1F9997461BB48A99003457E2 /* SampleTastePageController.swift */,
				1FBD40021C11DCCD0093D852 /* RecruitPageController.swift */,
				1FBD40041C11E1060093D852 /* PageProtocol.swift */,
				1F9C367E1C90594F006CD1FA /* AdvertisingOverlayController.swift */,
				1F1580381D464CBD00A338EB /* SharingOptionsController.swift */,
			);
			name = "Taste Sample";
			sourceTree = "<group>";
		};
		1FDA2F281BB191D500D33540 /* Bake Sample */ = {
			isa = PBXGroup;
			children = (
				1F98968E1C2239DE00B0DB29 /* Baking.storyboard */,
				1F9997481BB61939003457E2 /* RecordSampleController.swift */,
				1FEF51101BBF4D1500710948 /* AcceptSampleController.swift */,
				1F226D3B1BEC2CEE00BB85E2 /* BakeRootController.swift */,
			);
			name = "Bake Sample";
			sourceTree = "<group>";
		};
		1FDA455C1C1DAEFB00F5E458 /* Tutorial */ = {
			isa = PBXGroup;
			children = (
				1FD940AD1CB5DC8B006D01E4 /* TutorialOverlayManager.swift */,
			);
			name = Tutorial;
			sourceTree = "<group>";
		};
		1FF505D21CE2187C009F0893 /* Utilities */ = {
			isa = PBXGroup;
			children = (
				1F7687931BFE278200D96768 /* HudUtilities.swift */,
				1FDA455A1C1CECD200F5E458 /* ShareUtilities.swift */,
				1FC64B0B1CD6262D001C3C96 /* VideoUtilities.swift */,
				1FF505D31CE21913009F0893 /* LocationUtilities.swift */,
			);
			name = Utilities;
			sourceTree = "<group>";
		};
		72028C0D86A752646C3B7E5D /* Pods */ = {
			isa = PBXGroup;
			children = (
				793B81F24B36638C7175C9DD /* Pods-PartyUP.debug.xcconfig */,
				982D63905D7661A56D375D81 /* Pods-PartyUP.release.xcconfig */,
				6849CE65CA63E961BFBB4CB1 /* Pods-PartyUP.deployment.xcconfig */,
			);
			name = Pods;
			sourceTree = "<group>";
		};
/* End PBXGroup section */

/* Begin PBXNativeTarget section */
		1F4279FC1BA59F4C00E622CF /* PartyUP */ = {
			isa = PBXNativeTarget;
			buildConfigurationList = 1F427A251BA59F4C00E622CF /* Build configuration list for PBXNativeTarget "PartyUP" */;
			buildPhases = (
				9F724BC8A8FD3454D40CA2D2 /* [CP] Check Pods Manifest.lock */,
				1F4279F91BA59F4C00E622CF /* Sources */,
				1F4279FA1BA59F4C00E622CF /* Frameworks */,
				1F4279FB1BA59F4C00E622CF /* Resources */,
				1F0918821C6C1C880020B498 /* Copy Settings Bundle */,
				221F014A86C1C34E3ED4F32F /* [CP] Embed Pods Frameworks */,
				4E64FCE776EB200AC4B062C4 /* [CP] Copy Pods Resources */,
			);
			buildRules = (
			);
			dependencies = (
			);
			name = PartyUP;
			productName = PartyUP;
			productReference = 1F4279FD1BA59F4C00E622CF /* PartyUP.app */;
			productType = "com.apple.product-type.application";
		};
		1F427A101BA59F4C00E622CF /* PartyUPTests */ = {
			isa = PBXNativeTarget;
			buildConfigurationList = 1F427A281BA59F4C00E622CF /* Build configuration list for PBXNativeTarget "PartyUPTests" */;
			buildPhases = (
				1F427A0D1BA59F4C00E622CF /* Sources */,
				1F427A0E1BA59F4C00E622CF /* Frameworks */,
				1F427A0F1BA59F4C00E622CF /* Resources */,
			);
			buildRules = (
			);
			dependencies = (
				1F427A131BA59F4C00E622CF /* PBXTargetDependency */,
			);
			name = PartyUPTests;
			productName = PartyUPTests;
			productReference = 1F427A111BA59F4C00E622CF /* PartyUPTests.xctest */;
			productType = "com.apple.product-type.bundle.unit-test";
		};
		1F427A1B1BA59F4C00E622CF /* PartyUPUITests */ = {
			isa = PBXNativeTarget;
			buildConfigurationList = 1F427A2B1BA59F4C00E622CF /* Build configuration list for PBXNativeTarget "PartyUPUITests" */;
			buildPhases = (
				1F427A181BA59F4C00E622CF /* Sources */,
				1F427A191BA59F4C00E622CF /* Frameworks */,
				1F427A1A1BA59F4C00E622CF /* Resources */,
			);
			buildRules = (
			);
			dependencies = (
				1F427A1E1BA59F4C00E622CF /* PBXTargetDependency */,
			);
			name = PartyUPUITests;
			productName = PartyUPUITests;
			productReference = 1F427A1C1BA59F4C00E622CF /* PartyUPUITests.xctest */;
			productType = "com.apple.product-type.bundle.ui-testing";
		};
/* End PBXNativeTarget section */

/* Begin PBXProject section */
		1F4279F51BA59F4C00E622CF /* Project object */ = {
			isa = PBXProject;
			attributes = {
				LastUpgradeCheck = 0800;
				ORGANIZATIONNAME = "Sandcastle Application Development";
				TargetAttributes = {
					1F4279FC1BA59F4C00E622CF = {
						CreatedOnToolsVersion = 7.0;
						DevelopmentTeam = BF5YT9TQE8;
						LastSwiftMigration = 0800;
						SystemCapabilities = {
							com.apple.Keychain = {
								enabled = 1;
							};
						};
					};
					1F427A101BA59F4C00E622CF = {
						CreatedOnToolsVersion = 7.0;
						TestTargetID = 1F4279FC1BA59F4C00E622CF;
					};
					1F427A1B1BA59F4C00E622CF = {
						CreatedOnToolsVersion = 7.0;
						TestTargetID = 1F4279FC1BA59F4C00E622CF;
					};
					1F74639A1C04A41700182278 = {
						CreatedOnToolsVersion = 7.1.1;
					};
				};
			};
			buildConfigurationList = 1F4279F81BA59F4C00E622CF /* Build configuration list for PBXProject "PartyUP" */;
			compatibilityVersion = "Xcode 3.2";
			developmentRegion = English;
			hasScannedForEncodings = 0;
			knownRegions = (
				en,
				Base,
				"fr-CA",
			);
			mainGroup = 1F4279F41BA59F4C00E622CF;
			productRefGroup = 1F4279FE1BA59F4C00E622CF /* Products */;
			projectDirPath = "";
			projectRoot = "";
			targets = (
				1F4279FC1BA59F4C00E622CF /* PartyUP */,
				1F427A101BA59F4C00E622CF /* PartyUPTests */,
				1F427A1B1BA59F4C00E622CF /* PartyUPUITests */,
				1F74639A1C04A41700182278 /* PartyPurge */,
				1F3BA58E1C4C72DF00F3079F /* PartyVote */,
			);
		};
/* End PBXProject section */

/* Begin PBXResourcesBuildPhase section */
		1F4279FB1BA59F4C00E622CF /* Resources */ = {
			isa = PBXResourcesBuildPhase;
			buildActionMask = 2147483647;
			files = (
				1F427A0B1BA59F4C00E622CF /* LaunchScreen.storyboard in Resources */,
				1F263C801BE19C1B009A3565 /* PartyDefaults.plist in Resources */,
				1F8BF1C41C1C55DD00221D82 /* Acknowledge.storyboard in Resources */,
				1F9896911C2239F000B0DB29 /* Tasting.storyboard in Resources */,
				1FBD40141C120F6C0093D852 /* Localizable.strings in Resources */,
				1F427A081BA59F4C00E622CF /* Assets.xcassets in Resources */,
				1F783F4A1CAD99D100B5E753 /* CBU.gpx in Resources */,
				1F9879861C401D060079467E /* drink.caf in Resources */,
				1F98968C1C2239DE00B0DB29 /* Baking.storyboard in Resources */,
				1F3F54341C3EBED800DF9B2B /* PartyNotify.plist in Resources */,
				1F427A061BA59F4C00E622CF /* Main.storyboard in Resources */,
				1FD36F4E1CEBB38800FA1E8F /* PartyTableFooter.xib in Resources */,
				1FBD40191C120F6C0093D852 /* InfoPlist.strings in Resources */,
			);
			runOnlyForDeploymentPostprocessing = 0;
		};
		1F427A0F1BA59F4C00E622CF /* Resources */ = {
			isa = PBXResourcesBuildPhase;
			buildActionMask = 2147483647;
			files = (
				1FBD400F1C120F6C0093D852 /* InfoPlist.strings in Resources */,
			);
			runOnlyForDeploymentPostprocessing = 0;
		};
		1F427A1A1BA59F4C00E622CF /* Resources */ = {
			isa = PBXResourcesBuildPhase;
			buildActionMask = 2147483647;
			files = (
				1FBD400A1C120F6B0093D852 /* InfoPlist.strings in Resources */,
			);
			runOnlyForDeploymentPostprocessing = 0;
		};
/* End PBXResourcesBuildPhase section */

/* Begin PBXShellScriptBuildPhase section */
		1F0918821C6C1C880020B498 /* Copy Settings Bundle */ = {
			isa = PBXShellScriptBuildPhase;
			buildActionMask = 2147483647;
			files = (
			);
			inputPaths = (
				"$(SRCROOT)/PartyUP/Settings_$(SANDCASTLE_DEPLOYMENT).bundle",
			);
			name = "Copy Settings Bundle";
			outputPaths = (
				"${BUILT_PRODUCTS_DIR}/${PRODUCT_NAME}.app/Settings.bundle",
			);
			runOnlyForDeploymentPostprocessing = 0;
			shellPath = /bin/sh;
			shellScript = "cp -r ${SCRIPT_INPUT_FILE_0} ${SCRIPT_OUTPUT_FILE_0}\necho \"copying from ${SCRIPT_INPUT_FILE_0} to ${SCRIPT_OUTPUT_FILE_0}\"";
		};
		1F3BA58F1C4C72DF00F3079F /* ShellScript */ = {
			isa = PBXShellScriptBuildPhase;
			buildActionMask = 2147483647;
			files = (
			);
			inputPaths = (
				"$(SRCROOT)/AWSLambdas/vote.py",
			);
			outputPaths = (
				"$(DERIVED_FILE_DIR)/$(TARGET_NAME).zip",
			);
			runOnlyForDeploymentPostprocessing = 0;
			shellPath = /bin/sh;
			shellScript = "echo ${SCRIPT_OUTPUT_FILE_0}\necho ${SCRIPT_INPUT_FILE_0}\nif [-f ${SCRIPT_OUTPUT_FILE_0}]; then\n    rm ${SCRIPT_OUTPUT_FILE_0}\nfi\n\nzip -j ${SCRIPT_OUTPUT_FILE_0} ${SCRIPT_INPUT_FILE_0}\n\naws lambda update-function-code --function-name reduceSampleVotes --zip-file fileb://${SCRIPT_OUTPUT_FILE_0}";
		};
		1F74639F1C04B89900182278 /* ShellScript */ = {
			isa = PBXShellScriptBuildPhase;
			buildActionMask = 2147483647;
			files = (
			);
			inputPaths = (
				"$(SRCROOT)/AWSLambdas/purge.py",
			);
			outputPaths = (
				"$(DERIVED_FILE_DIR)/$(TARGET_NAME).zip",
			);
			runOnlyForDeploymentPostprocessing = 0;
			shellPath = /bin/sh;
			shellScript = "echo ${SCRIPT_OUTPUT_FILE_0}\necho ${SCRIPT_INPUT_FILE_0}\nif [-f ${SCRIPT_OUTPUT_FILE_0}]; then\n    rm ${SCRIPT_OUTPUT_FILE_0}\nfi\n\nzip -j ${SCRIPT_OUTPUT_FILE_0} ${SCRIPT_INPUT_FILE_0}\n\naws lambda update-function-code --function-name purgeStaleItems --zip-file fileb://${SCRIPT_OUTPUT_FILE_0}";
		};
		221F014A86C1C34E3ED4F32F /* [CP] Embed Pods Frameworks */ = {
			isa = PBXShellScriptBuildPhase;
			buildActionMask = 2147483647;
			files = (
			);
			inputPaths = (
			);
			name = "[CP] Embed Pods Frameworks";
			outputPaths = (
			);
			runOnlyForDeploymentPostprocessing = 0;
			shellPath = /bin/sh;
			shellScript = "\"${SRCROOT}/Pods/Target Support Files/Pods-PartyUP/Pods-PartyUP-frameworks.sh\"\n";
			showEnvVarsInLog = 0;
		};
		4E64FCE776EB200AC4B062C4 /* [CP] Copy Pods Resources */ = {
			isa = PBXShellScriptBuildPhase;
			buildActionMask = 2147483647;
			files = (
			);
			inputPaths = (
			);
			name = "[CP] Copy Pods Resources";
			outputPaths = (
			);
			runOnlyForDeploymentPostprocessing = 0;
			shellPath = /bin/sh;
			shellScript = "\"${SRCROOT}/Pods/Target Support Files/Pods-PartyUP/Pods-PartyUP-resources.sh\"\n";
			showEnvVarsInLog = 0;
		};
		9F724BC8A8FD3454D40CA2D2 /* [CP] Check Pods Manifest.lock */ = {
			isa = PBXShellScriptBuildPhase;
			buildActionMask = 2147483647;
			files = (
			);
			inputPaths = (
			);
			name = "[CP] Check Pods Manifest.lock";
			outputPaths = (
			);
			runOnlyForDeploymentPostprocessing = 0;
			shellPath = /bin/sh;
			shellScript = "diff \"${PODS_ROOT}/../Podfile.lock\" \"${PODS_ROOT}/Manifest.lock\" > /dev/null\nif [ $? != 0 ] ; then\n    # print error to STDERR\n    echo \"error: The sandbox is not in sync with the Podfile.lock. Run 'pod install' or update your CocoaPods installation.\" >&2\n    exit 1\nfi\n";
			showEnvVarsInLog = 0;
		};
/* End PBXShellScriptBuildPhase section */

/* Begin PBXSourcesBuildPhase section */
		1F4279F91BA59F4C00E622CF /* Sources */ = {
			isa = PBXSourcesBuildPhase;
			buildActionMask = 2147483647;
			files = (
				1F03C3761BA84F290037D7D8 /* Venue.swift in Sources */,
				1F43C5CA1CC3B3AA00FA4156 /* FacebookAuthenticationProvider.swift in Sources */,
				1FBD40051C11E1060093D852 /* PageProtocol.swift in Sources */,
				1FC64B0C1CD6262D001C3C96 /* VideoUtilities.swift in Sources */,
				1FD940AE1CB5DC8B006D01E4 /* TutorialOverlayManager.swift in Sources */,
				1F1580391D464CBD00A338EB /* SharingOptionsController.swift in Sources */,
				1FEF0D4D1BEE189F00A1F689 /* PartyRootController.swift in Sources */,
				1F3010991C9102B80047FA40 /* Advertisement.swift in Sources */,
				1F9997471BB48A99003457E2 /* SampleTastePageController.swift in Sources */,
				1F03C37A1BA898F20037D7D8 /* PartyPickerController.swift in Sources */,
				1F43C5C81CC3AF8500FA4156 /* AuthenticationProvider.swift in Sources */,
				1FBD40031C11DCCD0093D852 /* RecruitPageController.swift in Sources */,
				1FF505D41CE21913009F0893 /* LocationUtilities.swift in Sources */,
				1F2AA0C41C9B918000363DA8 /* FetchQueryable.swift in Sources */,
				1F427A011BA59F4C00E622CF /* AppDelegate.swift in Sources */,
				1FF051E31C1FB61800A7A67C /* WebPageController.swift in Sources */,
				1F10FD961C624A050090743C /* AnimalTableCell.swift in Sources */,
				1F2DDB251C5E658C00E28DE4 /* Promotion.swift in Sources */,
				1FDA2F2A1BB1930D00D33540 /* SampleTastingContoller.swift in Sources */,
				1F8EACE91D28636400BED59F /* Seedling.swift in Sources */,
				1F39157F1CCE806100FF7F89 /* UIColor+Uint.swift in Sources */,
				1F4650961CDCD60300957998 /* Address.swift in Sources */,
				1F9509971BAF81FB005BDC18 /* Dynamo.swift in Sources */,
				1F2C485C1C8DBDE500DE07B2 /* Submission.swift in Sources */,
				1FD1CDC61C8318B00003C744 /* Defensive.swift in Sources */,
				1FD775F41CCEBE5B00E1AC7F /* AuthenticationFlow.swift in Sources */,
				1F226D3C1BEC2CEE00BB85E2 /* BakeRootController.swift in Sources */,
				1FDDFB4C1D2AA13C007A631D /* Votable.swift in Sources */,
				1FDA455B1C1CECD200F5E458 /* ShareUtilities.swift in Sources */,
				1F69A6271CA5C73300A84731 /* NSDateComponentsFormatter+Postfix.swift in Sources */,
				1F9509951BACACE8005BDC18 /* NSURL+Mime.swift in Sources */,
				1F93D48E1D2560860053AA98 /* User.swift in Sources */,
				1F8BF1C11C1C55C500221D82 /* AcknowledgementsController.swift in Sources */,
				1FBD401D1C14609C0093D852 /* PartyPlace.swift in Sources */,
				1F17124E1DCA539200829FA2 /* PartyKeys.swift in Sources */,
				1F43C5C61CC3A40D00FA4156 /* AuthenticationManager.swift in Sources */,
				1F7687941BFE278200D96768 /* HudUtilities.swift in Sources */,
				1F08469D1C32C0490064FBDD /* VenueTableCell.swift in Sources */,
				1FEF51111BBF4D1500710948 /* AcceptSampleController.swift in Sources */,
				1F03C3781BA8500F0037D7D8 /* Sample.swift in Sources */,
				1F9C367F1C90594F006CD1FA /* AdvertisingOverlayController.swift in Sources */,
				1FD0E0901BF56117005590C5 /* CALayer+RuntimeAttributes.swift in Sources */,
				1F9997491BB61939003457E2 /* RecordSampleController.swift in Sources */,
				1FB916501C6A42D700ED62DE /* PartyTableCell.swift in Sources */,
				1FDDFB4A1D29DF18007A631D /* Tastable.swift in Sources */,
			);
			runOnlyForDeploymentPostprocessing = 0;
		};
		1F427A0D1BA59F4C00E622CF /* Sources */ = {
			isa = PBXSourcesBuildPhase;
			buildActionMask = 2147483647;
			files = (
				1F427A161BA59F4C00E622CF /* PartyUPTests.swift in Sources */,
			);
			runOnlyForDeploymentPostprocessing = 0;
		};
		1F427A181BA59F4C00E622CF /* Sources */ = {
			isa = PBXSourcesBuildPhase;
			buildActionMask = 2147483647;
			files = (
				1F427A211BA59F4C00E622CF /* PartyUPUITests.swift in Sources */,
			);
			runOnlyForDeploymentPostprocessing = 0;
		};
/* End PBXSourcesBuildPhase section */

/* Begin PBXTargetDependency section */
		1F427A131BA59F4C00E622CF /* PBXTargetDependency */ = {
			isa = PBXTargetDependency;
			target = 1F4279FC1BA59F4C00E622CF /* PartyUP */;
			targetProxy = 1F427A121BA59F4C00E622CF /* PBXContainerItemProxy */;
		};
		1F427A1E1BA59F4C00E622CF /* PBXTargetDependency */ = {
			isa = PBXTargetDependency;
			target = 1F4279FC1BA59F4C00E622CF /* PartyUP */;
			targetProxy = 1F427A1D1BA59F4C00E622CF /* PBXContainerItemProxy */;
		};
/* End PBXTargetDependency section */

/* Begin PBXVariantGroup section */
		1F427A041BA59F4C00E622CF /* Main.storyboard */ = {
			isa = PBXVariantGroup;
			children = (
				1F427A051BA59F4C00E622CF /* Base */,
				1FBD40061C120F6B0093D852 /* en */,
				1F5B74511D5133A700A805DE /* fr-CA */,
			);
			name = Main.storyboard;
			sourceTree = "<group>";
		};
		1F427A091BA59F4C00E622CF /* LaunchScreen.storyboard */ = {
			isa = PBXVariantGroup;
			children = (
				1F427A0A1BA59F4C00E622CF /* Base */,
				1FBD40071C120F6B0093D852 /* en */,
				1F5B74541D5133A700A805DE /* fr-CA */,
			);
			name = LaunchScreen.storyboard;
			sourceTree = "<group>";
		};
		1F8BF1C21C1C55DD00221D82 /* Acknowledge.storyboard */ = {
			isa = PBXVariantGroup;
			children = (
				1F8BF1C31C1C55DD00221D82 /* Base */,
				1FF051E41C1FCB5900A7A67C /* en */,
				1F5B74531D5133A700A805DE /* fr-CA */,
			);
			name = Acknowledge.storyboard;
			sourceTree = "<group>";
		};
		1F98968E1C2239DE00B0DB29 /* Baking.storyboard */ = {
			isa = PBXVariantGroup;
			children = (
				1F98968D1C2239DE00B0DB29 /* Base */,
				1F9896901C2239E300B0DB29 /* en */,
				1F5B74501D5133A700A805DE /* fr-CA */,
			);
			name = Baking.storyboard;
			sourceTree = "<group>";
		};
		1F9896931C2239F000B0DB29 /* Tasting.storyboard */ = {
			isa = PBXVariantGroup;
			children = (
				1F9896921C2239F000B0DB29 /* Base */,
				1F9896951C2239F300B0DB29 /* en */,
				1F5B74521D5133A700A805DE /* fr-CA */,
			);
			name = Tasting.storyboard;
			sourceTree = "<group>";
		};
		1FBD400C1C120F6B0093D852 /* InfoPlist.strings */ = {
			isa = PBXVariantGroup;
			children = (
				1FBD400B1C120F6B0093D852 /* en */,
				1F5B74581D5133A800A805DE /* fr-CA */,
			);
			name = InfoPlist.strings;
			sourceTree = "<group>";
		};
		1FBD40111C120F6C0093D852 /* InfoPlist.strings */ = {
			isa = PBXVariantGroup;
			children = (
				1FBD40101C120F6C0093D852 /* en */,
				1F5B74571D5133A800A805DE /* fr-CA */,
			);
			name = InfoPlist.strings;
			sourceTree = "<group>";
		};
		1FBD40161C120F6C0093D852 /* Localizable.strings */ = {
			isa = PBXVariantGroup;
			children = (
				1FBD40151C120F6C0093D852 /* en */,
				1F5B74561D5133A800A805DE /* fr-CA */,
			);
			name = Localizable.strings;
			sourceTree = "<group>";
		};
		1FBD401B1C120F6C0093D852 /* InfoPlist.strings */ = {
			isa = PBXVariantGroup;
			children = (
				1FBD401A1C120F6C0093D852 /* en */,
				1F5B74551D5133A800A805DE /* fr-CA */,
			);
			name = InfoPlist.strings;
			sourceTree = "<group>";
		};
/* End PBXVariantGroup section */

/* Begin XCBuildConfiguration section */
		1F0918781C6C110C0020B498 /* Deployment */ = {
			isa = XCBuildConfiguration;
			buildSettings = {
				ALWAYS_SEARCH_USER_PATHS = NO;
				CLANG_ANALYZER_LOCALIZABILITY_NONLOCALIZED = YES;
				CLANG_CXX_LANGUAGE_STANDARD = "gnu++0x";
				CLANG_CXX_LIBRARY = "libc++";
				CLANG_ENABLE_MODULES = YES;
				CLANG_ENABLE_OBJC_ARC = YES;
				CLANG_WARN_BOOL_CONVERSION = YES;
				CLANG_WARN_CONSTANT_CONVERSION = YES;
				CLANG_WARN_DIRECT_OBJC_ISA_USAGE = YES_ERROR;
				CLANG_WARN_EMPTY_BODY = YES;
				CLANG_WARN_ENUM_CONVERSION = YES;
				CLANG_WARN_INFINITE_RECURSION = YES;
				CLANG_WARN_INT_CONVERSION = YES;
				CLANG_WARN_OBJC_ROOT_CLASS = YES_ERROR;
				CLANG_WARN_SUSPICIOUS_MOVE = YES;
				CLANG_WARN_UNREACHABLE_CODE = YES;
				CLANG_WARN__DUPLICATE_METHOD_MATCH = YES;
				"CODE_SIGN_IDENTITY[sdk=iphoneos*]" = "iPhone Developer";
				COPY_PHASE_STRIP = NO;
				DEBUG_INFORMATION_FORMAT = "dwarf-with-dsym";
				ENABLE_NS_ASSERTIONS = NO;
				ENABLE_STRICT_OBJC_MSGSEND = YES;
				GCC_C_LANGUAGE_STANDARD = gnu99;
				GCC_NO_COMMON_BLOCKS = YES;
				GCC_WARN_64_TO_32_BIT_CONVERSION = YES;
				GCC_WARN_ABOUT_RETURN_TYPE = YES_ERROR;
				GCC_WARN_UNDECLARED_SELECTOR = YES;
				GCC_WARN_UNINITIALIZED_AUTOS = YES_AGGRESSIVE;
				GCC_WARN_UNUSED_FUNCTION = YES;
				GCC_WARN_UNUSED_VARIABLE = YES;
				IPHONEOS_DEPLOYMENT_TARGET = 9.0;
				MTL_ENABLE_DEBUG_INFO = NO;
				SANDCASTLE_DEPLOYMENT = Deploy;
				SDKROOT = iphoneos;
				SWIFT_OPTIMIZATION_LEVEL = "-Owholemodule";
				SWIFT_VERSION = 2.3;
				TARGETED_DEVICE_FAMILY = "1,2";
				VALIDATE_PRODUCT = YES;
			};
			name = Deployment;
		};
		1F0918791C6C110C0020B498 /* Deployment */ = {
			isa = XCBuildConfiguration;
			baseConfigurationReference = 6849CE65CA63E961BFBB4CB1 /* Pods-PartyUP.deployment.xcconfig */;
			buildSettings = {
				ALWAYS_EMBED_SWIFT_STANDARD_LIBRARIES = "$(inherited)";
				ASSETCATALOG_COMPILER_APPICON_NAME = AppIcon;
				CODE_SIGN_ENTITLEMENTS = PartyUP/PartyUP.entitlements;
				CODE_SIGN_IDENTITY = "iPhone Developer";
				"CODE_SIGN_IDENTITY[sdk=iphoneos*]" = "iPhone Developer";
				INFOPLIST_FILE = PartyUP/Info.plist;
				IPHONEOS_DEPLOYMENT_TARGET = 8.0;
				LD_RUNPATH_SEARCH_PATHS = "$(inherited) @executable_path/Frameworks";
				PRODUCT_BUNDLE_IDENTIFIER = com.sandcastleapps.PartyUP;
				PRODUCT_NAME = "$(TARGET_NAME)";
				PROVISIONING_PROFILE = "";
				SWIFT_VERSION = 2.3;
			};
			name = Deployment;
		};
		1F09187A1C6C110C0020B498 /* Deployment */ = {
			isa = XCBuildConfiguration;
			buildSettings = {
				BUNDLE_LOADER = "$(TEST_HOST)";
				INFOPLIST_FILE = PartyUPTests/Info.plist;
				LD_RUNPATH_SEARCH_PATHS = "$(inherited) @executable_path/Frameworks @loader_path/Frameworks";
				PRODUCT_BUNDLE_IDENTIFIER = com.sandcastleapps.PartyUPTests;
				PRODUCT_NAME = "$(TARGET_NAME)";
				TEST_HOST = "$(BUILT_PRODUCTS_DIR)/PartyUP.app/PartyUP";
			};
			name = Deployment;
		};
		1F09187B1C6C110C0020B498 /* Deployment */ = {
			isa = XCBuildConfiguration;
			buildSettings = {
				INFOPLIST_FILE = PartyUPUITests/Info.plist;
				LD_RUNPATH_SEARCH_PATHS = "$(inherited) @executable_path/Frameworks @loader_path/Frameworks";
				PRODUCT_BUNDLE_IDENTIFIER = com.sandcastleapps.PartyUPUITests;
				PRODUCT_NAME = "$(TARGET_NAME)";
				TEST_TARGET_NAME = PartyUP;
				USES_XCTRUNNER = YES;
			};
			name = Deployment;
		};
		1F09187C1C6C110C0020B498 /* Deployment */ = {
			isa = XCBuildConfiguration;
			buildSettings = {
				PRODUCT_NAME = "$(TARGET_NAME)";
			};
			name = Deployment;
		};
		1F09187D1C6C110C0020B498 /* Deployment */ = {
			isa = XCBuildConfiguration;
			buildSettings = {
				PRODUCT_NAME = "$(TARGET_NAME)";
			};
			name = Deployment;
		};
		1F3BA5911C4C72DF00F3079F /* Debug */ = {
			isa = XCBuildConfiguration;
			buildSettings = {
				PRODUCT_NAME = "$(TARGET_NAME)";
			};
			name = Debug;
		};
		1F3BA5921C4C72DF00F3079F /* Release */ = {
			isa = XCBuildConfiguration;
			buildSettings = {
				PRODUCT_NAME = "$(TARGET_NAME)";
			};
			name = Release;
		};
		1F427A231BA59F4C00E622CF /* Debug */ = {
			isa = XCBuildConfiguration;
			buildSettings = {
				ALWAYS_SEARCH_USER_PATHS = NO;
				CLANG_ANALYZER_LOCALIZABILITY_NONLOCALIZED = YES;
				CLANG_CXX_LANGUAGE_STANDARD = "gnu++0x";
				CLANG_CXX_LIBRARY = "libc++";
				CLANG_ENABLE_MODULES = YES;
				CLANG_ENABLE_OBJC_ARC = YES;
				CLANG_WARN_BOOL_CONVERSION = YES;
				CLANG_WARN_CONSTANT_CONVERSION = YES;
				CLANG_WARN_DIRECT_OBJC_ISA_USAGE = YES_ERROR;
				CLANG_WARN_EMPTY_BODY = YES;
				CLANG_WARN_ENUM_CONVERSION = YES;
				CLANG_WARN_INFINITE_RECURSION = YES;
				CLANG_WARN_INT_CONVERSION = YES;
				CLANG_WARN_OBJC_ROOT_CLASS = YES_ERROR;
				CLANG_WARN_SUSPICIOUS_MOVE = YES;
				CLANG_WARN_UNREACHABLE_CODE = YES;
				CLANG_WARN__DUPLICATE_METHOD_MATCH = YES;
				"CODE_SIGN_IDENTITY[sdk=iphoneos*]" = "iPhone Developer";
				COPY_PHASE_STRIP = NO;
				DEBUG_INFORMATION_FORMAT = dwarf;
				ENABLE_STRICT_OBJC_MSGSEND = YES;
				ENABLE_TESTABILITY = YES;
				GCC_C_LANGUAGE_STANDARD = gnu99;
				GCC_DYNAMIC_NO_PIC = NO;
				GCC_NO_COMMON_BLOCKS = YES;
				GCC_OPTIMIZATION_LEVEL = 0;
				GCC_PREPROCESSOR_DEFINITIONS = (
					"DEBUG=1",
					"$(inherited)",
				);
				GCC_WARN_64_TO_32_BIT_CONVERSION = YES;
				GCC_WARN_ABOUT_RETURN_TYPE = YES_ERROR;
				GCC_WARN_UNDECLARED_SELECTOR = YES;
				GCC_WARN_UNINITIALIZED_AUTOS = YES_AGGRESSIVE;
				GCC_WARN_UNUSED_FUNCTION = YES;
				GCC_WARN_UNUSED_VARIABLE = YES;
				IPHONEOS_DEPLOYMENT_TARGET = 9.0;
				MTL_ENABLE_DEBUG_INFO = YES;
				ONLY_ACTIVE_ARCH = YES;
				OTHER_SWIFT_FLAGS = "-D DEBUG";
				SANDCASTLE_DEPLOYMENT = Develop;
				SDKROOT = iphoneos;
				SWIFT_OPTIMIZATION_LEVEL = "-Onone";
				SWIFT_VERSION = 2.3;
				TARGETED_DEVICE_FAMILY = "1,2";
			};
			name = Debug;
		};
		1F427A241BA59F4C00E622CF /* Release */ = {
			isa = XCBuildConfiguration;
			buildSettings = {
				ALWAYS_SEARCH_USER_PATHS = NO;
				CLANG_ANALYZER_LOCALIZABILITY_NONLOCALIZED = YES;
				CLANG_CXX_LANGUAGE_STANDARD = "gnu++0x";
				CLANG_CXX_LIBRARY = "libc++";
				CLANG_ENABLE_MODULES = YES;
				CLANG_ENABLE_OBJC_ARC = YES;
				CLANG_WARN_BOOL_CONVERSION = YES;
				CLANG_WARN_CONSTANT_CONVERSION = YES;
				CLANG_WARN_DIRECT_OBJC_ISA_USAGE = YES_ERROR;
				CLANG_WARN_EMPTY_BODY = YES;
				CLANG_WARN_ENUM_CONVERSION = YES;
				CLANG_WARN_INFINITE_RECURSION = YES;
				CLANG_WARN_INT_CONVERSION = YES;
				CLANG_WARN_OBJC_ROOT_CLASS = YES_ERROR;
				CLANG_WARN_SUSPICIOUS_MOVE = YES;
				CLANG_WARN_UNREACHABLE_CODE = YES;
				CLANG_WARN__DUPLICATE_METHOD_MATCH = YES;
				"CODE_SIGN_IDENTITY[sdk=iphoneos*]" = "iPhone Developer";
				COPY_PHASE_STRIP = NO;
				DEBUG_INFORMATION_FORMAT = "dwarf-with-dsym";
				ENABLE_NS_ASSERTIONS = NO;
				ENABLE_STRICT_OBJC_MSGSEND = YES;
				GCC_C_LANGUAGE_STANDARD = gnu99;
				GCC_NO_COMMON_BLOCKS = YES;
				GCC_WARN_64_TO_32_BIT_CONVERSION = YES;
				GCC_WARN_ABOUT_RETURN_TYPE = YES_ERROR;
				GCC_WARN_UNDECLARED_SELECTOR = YES;
				GCC_WARN_UNINITIALIZED_AUTOS = YES_AGGRESSIVE;
				GCC_WARN_UNUSED_FUNCTION = YES;
				GCC_WARN_UNUSED_VARIABLE = YES;
				IPHONEOS_DEPLOYMENT_TARGET = 9.0;
				MTL_ENABLE_DEBUG_INFO = NO;
				SANDCASTLE_DEPLOYMENT = Develop;
				SDKROOT = iphoneos;
				SWIFT_OPTIMIZATION_LEVEL = "-Owholemodule";
				SWIFT_VERSION = 2.3;
				TARGETED_DEVICE_FAMILY = "1,2";
				VALIDATE_PRODUCT = YES;
			};
			name = Release;
		};
		1F427A261BA59F4C00E622CF /* Debug */ = {
			isa = XCBuildConfiguration;
			baseConfigurationReference = 793B81F24B36638C7175C9DD /* Pods-PartyUP.debug.xcconfig */;
			buildSettings = {
				ALWAYS_EMBED_SWIFT_STANDARD_LIBRARIES = "$(inherited)";
				ASSETCATALOG_COMPILER_APPICON_NAME = AppIcon;
				CODE_SIGN_ENTITLEMENTS = PartyUP/PartyUP.entitlements;
				CODE_SIGN_IDENTITY = "iPhone Developer";
				"CODE_SIGN_IDENTITY[sdk=iphoneos*]" = "iPhone Developer";
				INFOPLIST_FILE = PartyUP/Info.plist;
				IPHONEOS_DEPLOYMENT_TARGET = 8.0;
				LD_RUNPATH_SEARCH_PATHS = "$(inherited) @executable_path/Frameworks";
				PRODUCT_BUNDLE_IDENTIFIER = com.sandcastleapps.PartyUP;
				PRODUCT_NAME = "$(TARGET_NAME)";
				PROVISIONING_PROFILE = "";
				SWIFT_VERSION = 2.3;
			};
			name = Debug;
		};
		1F427A271BA59F4C00E622CF /* Release */ = {
			isa = XCBuildConfiguration;
			baseConfigurationReference = 982D63905D7661A56D375D81 /* Pods-PartyUP.release.xcconfig */;
			buildSettings = {
				ALWAYS_EMBED_SWIFT_STANDARD_LIBRARIES = "$(inherited)";
				ASSETCATALOG_COMPILER_APPICON_NAME = AppIcon;
				CODE_SIGN_ENTITLEMENTS = PartyUP/PartyUP.entitlements;
				CODE_SIGN_IDENTITY = "iPhone Developer";
				"CODE_SIGN_IDENTITY[sdk=iphoneos*]" = "iPhone Developer";
				INFOPLIST_FILE = PartyUP/Info.plist;
				IPHONEOS_DEPLOYMENT_TARGET = 8.0;
				LD_RUNPATH_SEARCH_PATHS = "$(inherited) @executable_path/Frameworks";
				PRODUCT_BUNDLE_IDENTIFIER = com.sandcastleapps.PartyUP;
				PRODUCT_NAME = "$(TARGET_NAME)";
				PROVISIONING_PROFILE = "";
				SWIFT_VERSION = 2.3;
			};
			name = Release;
		};
		1F427A291BA59F4C00E622CF /* Debug */ = {
			isa = XCBuildConfiguration;
			buildSettings = {
				BUNDLE_LOADER = "$(TEST_HOST)";
				INFOPLIST_FILE = PartyUPTests/Info.plist;
				LD_RUNPATH_SEARCH_PATHS = "$(inherited) @executable_path/Frameworks @loader_path/Frameworks";
				PRODUCT_BUNDLE_IDENTIFIER = com.sandcastleapps.PartyUPTests;
				PRODUCT_NAME = "$(TARGET_NAME)";
				TEST_HOST = "$(BUILT_PRODUCTS_DIR)/PartyUP.app/PartyUP";
			};
			name = Debug;
		};
		1F427A2A1BA59F4C00E622CF /* Release */ = {
			isa = XCBuildConfiguration;
			buildSettings = {
				BUNDLE_LOADER = "$(TEST_HOST)";
				INFOPLIST_FILE = PartyUPTests/Info.plist;
				LD_RUNPATH_SEARCH_PATHS = "$(inherited) @executable_path/Frameworks @loader_path/Frameworks";
				PRODUCT_BUNDLE_IDENTIFIER = com.sandcastleapps.PartyUPTests;
				PRODUCT_NAME = "$(TARGET_NAME)";
				TEST_HOST = "$(BUILT_PRODUCTS_DIR)/PartyUP.app/PartyUP";
			};
			name = Release;
		};
		1F427A2C1BA59F4C00E622CF /* Debug */ = {
			isa = XCBuildConfiguration;
			buildSettings = {
				INFOPLIST_FILE = PartyUPUITests/Info.plist;
				LD_RUNPATH_SEARCH_PATHS = "$(inherited) @executable_path/Frameworks @loader_path/Frameworks";
				PRODUCT_BUNDLE_IDENTIFIER = com.sandcastleapps.PartyUPUITests;
				PRODUCT_NAME = "$(TARGET_NAME)";
				TEST_TARGET_NAME = PartyUP;
				USES_XCTRUNNER = YES;
			};
			name = Debug;
		};
		1F427A2D1BA59F4C00E622CF /* Release */ = {
			isa = XCBuildConfiguration;
			buildSettings = {
				INFOPLIST_FILE = PartyUPUITests/Info.plist;
				LD_RUNPATH_SEARCH_PATHS = "$(inherited) @executable_path/Frameworks @loader_path/Frameworks";
				PRODUCT_BUNDLE_IDENTIFIER = com.sandcastleapps.PartyUPUITests;
				PRODUCT_NAME = "$(TARGET_NAME)";
				TEST_TARGET_NAME = PartyUP;
				USES_XCTRUNNER = YES;
			};
			name = Release;
		};
		1F74639C1C04A41700182278 /* Debug */ = {
			isa = XCBuildConfiguration;
			buildSettings = {
				PRODUCT_NAME = "$(TARGET_NAME)";
			};
			name = Debug;
		};
		1F74639D1C04A41700182278 /* Release */ = {
			isa = XCBuildConfiguration;
			buildSettings = {
				PRODUCT_NAME = "$(TARGET_NAME)";
			};
			name = Release;
		};
/* End XCBuildConfiguration section */

/* Begin XCConfigurationList section */
		1F3BA5901C4C72DF00F3079F /* Build configuration list for PBXAggregateTarget "PartyVote" */ = {
			isa = XCConfigurationList;
			buildConfigurations = (
				1F3BA5911C4C72DF00F3079F /* Debug */,
				1F3BA5921C4C72DF00F3079F /* Release */,
				1F09187D1C6C110C0020B498 /* Deployment */,
			);
			defaultConfigurationIsVisible = 0;
			defaultConfigurationName = Release;
		};
		1F4279F81BA59F4C00E622CF /* Build configuration list for PBXProject "PartyUP" */ = {
			isa = XCConfigurationList;
			buildConfigurations = (
				1F427A231BA59F4C00E622CF /* Debug */,
				1F427A241BA59F4C00E622CF /* Release */,
				1F0918781C6C110C0020B498 /* Deployment */,
			);
			defaultConfigurationIsVisible = 0;
			defaultConfigurationName = Release;
		};
		1F427A251BA59F4C00E622CF /* Build configuration list for PBXNativeTarget "PartyUP" */ = {
			isa = XCConfigurationList;
			buildConfigurations = (
				1F427A261BA59F4C00E622CF /* Debug */,
				1F427A271BA59F4C00E622CF /* Release */,
				1F0918791C6C110C0020B498 /* Deployment */,
			);
			defaultConfigurationIsVisible = 0;
			defaultConfigurationName = Release;
		};
		1F427A281BA59F4C00E622CF /* Build configuration list for PBXNativeTarget "PartyUPTests" */ = {
			isa = XCConfigurationList;
			buildConfigurations = (
				1F427A291BA59F4C00E622CF /* Debug */,
				1F427A2A1BA59F4C00E622CF /* Release */,
				1F09187A1C6C110C0020B498 /* Deployment */,
			);
			defaultConfigurationIsVisible = 0;
			defaultConfigurationName = Release;
		};
		1F427A2B1BA59F4C00E622CF /* Build configuration list for PBXNativeTarget "PartyUPUITests" */ = {
			isa = XCConfigurationList;
			buildConfigurations = (
				1F427A2C1BA59F4C00E622CF /* Debug */,
				1F427A2D1BA59F4C00E622CF /* Release */,
				1F09187B1C6C110C0020B498 /* Deployment */,
			);
			defaultConfigurationIsVisible = 0;
			defaultConfigurationName = Release;
		};
		1F74639B1C04A41700182278 /* Build configuration list for PBXAggregateTarget "PartyPurge" */ = {
			isa = XCConfigurationList;
			buildConfigurations = (
				1F74639C1C04A41700182278 /* Debug */,
				1F74639D1C04A41700182278 /* Release */,
				1F09187C1C6C110C0020B498 /* Deployment */,
			);
			defaultConfigurationIsVisible = 0;
			defaultConfigurationName = Release;
		};
/* End XCConfigurationList section */
	};
	rootObject = 1F4279F51BA59F4C00E622CF /* Project object */;
}
