<?xml version="1.0" encoding="UTF-8"?>
<!DOCTYPE plist PUBLIC "-//Apple//DTD PLIST 1.0//EN" "http://www.apple.com/DTDs/PropertyList-1.0.dtd">
<plist version="1.0">
<dict>
	<key>archiveVersion</key>
	<string>1</string>
	<key>classes</key>
	<dict/>
	<key>objectVersion</key>
	<string>46</string>
	<key>objects</key>
	<dict>
		<key>128EACD71E506CC4A1C9C3CF</key>
		<dict>
			<key>explicitFileType</key>
			<string>wrapper.framework</string>
			<key>includeInIndex</key>
			<string>0</string>
			<key>isa</key>
			<string>PBXFileReference</string>
			<key>path</key>
			<string>Pods_PartyUP.framework</string>
			<key>sourceTree</key>
			<string>BUILT_PRODUCTS_DIR</string>
		</dict>
		<key>1AA4866CCC751B01696E2D72</key>
		<dict>
			<key>children</key>
			<array>
				<string>1FF2BA991BCAC7A200336651</string>
				<string>1F9997441BB323D5003457E2</string>
				<string>1F03C37B1BA8E1950037D7D8</string>
				<string>128EACD71E506CC4A1C9C3CF</string>
			</array>
			<key>isa</key>
			<string>PBXGroup</string>
			<key>name</key>
			<string>Frameworks</string>
			<key>sourceTree</key>
			<string>&lt;group&gt;</string>
		</dict>
		<key>1F03C3711BA84C5E0037D7D8</key>
		<dict>
			<key>children</key>
			<array>
				<string>1F9879851C401D060079467E</string>
				<string>1F3F54331C3EBED800DF9B2B</string>
				<string>1FBD401B1C120F6C0093D852</string>
				<string>1FBD40161C120F6C0093D852</string>
				<string>1F427A071BA59F4C00E622CF</string>
				<string>1F427A091BA59F4C00E622CF</string>
				<string>1F427A0C1BA59F4C00E622CF</string>
				<string>1F7687931BFE278200D96768</string>
				<string>1FDA455A1C1CECD200F5E458</string>
				<string>1F69A6251CA5C64200A84731</string>
			</array>
			<key>isa</key>
			<string>PBXGroup</string>
			<key>name</key>
			<string>Support</string>
			<key>sourceTree</key>
			<string>&lt;group&gt;</string>
		</dict>
		<key>1F03C3721BA84DDC0037D7D8</key>
		<dict>
			<key>children</key>
			<array>
				<string>1F3010981C9102B80047FA40</string>
				<string>1F2C485B1C8DBDE500DE07B2</string>
				<string>1F2DDB241C5E658C00E28DE4</string>
				<string>1F03C3751BA84F290037D7D8</string>
				<string>1F03C3771BA8500F0037D7D8</string>
				<string>1F9509961BAF81FB005BDC18</string>
				<string>1FBD401C1C14609C0093D852</string>
				<string>1FD1CDC51C8318B00003C744</string>
				<string>1F2AA0C31C9B918000363DA8</string>
			</array>
			<key>isa</key>
			<string>PBXGroup</string>
			<key>name</key>
			<string>Model</string>
			<key>sourceTree</key>
			<string>&lt;group&gt;</string>
		</dict>
		<key>1F03C3751BA84F290037D7D8</key>
		<dict>
			<key>fileEncoding</key>
			<string>4</string>
			<key>isa</key>
			<string>PBXFileReference</string>
			<key>lastKnownFileType</key>
			<string>sourcecode.swift</string>
			<key>path</key>
			<string>Venue.swift</string>
			<key>sourceTree</key>
			<string>&lt;group&gt;</string>
		</dict>
		<key>1F03C3761BA84F290037D7D8</key>
		<dict>
			<key>fileRef</key>
			<string>1F03C3751BA84F290037D7D8</string>
			<key>isa</key>
			<string>PBXBuildFile</string>
		</dict>
		<key>1F03C3771BA8500F0037D7D8</key>
		<dict>
			<key>fileEncoding</key>
			<string>4</string>
			<key>isa</key>
			<string>PBXFileReference</string>
			<key>lastKnownFileType</key>
			<string>sourcecode.swift</string>
			<key>path</key>
			<string>Sample.swift</string>
			<key>sourceTree</key>
			<string>&lt;group&gt;</string>
		</dict>
		<key>1F03C3781BA8500F0037D7D8</key>
		<dict>
			<key>fileRef</key>
			<string>1F03C3771BA8500F0037D7D8</string>
			<key>isa</key>
			<string>PBXBuildFile</string>
		</dict>
		<key>1F03C3791BA898F20037D7D8</key>
		<dict>
			<key>fileEncoding</key>
			<string>4</string>
			<key>isa</key>
			<string>PBXFileReference</string>
			<key>lastKnownFileType</key>
			<string>sourcecode.swift</string>
			<key>path</key>
			<string>PartyPickerController.swift</string>
			<key>sourceTree</key>
			<string>&lt;group&gt;</string>
		</dict>
		<key>1F03C37A1BA898F20037D7D8</key>
		<dict>
			<key>fileRef</key>
			<string>1F03C3791BA898F20037D7D8</string>
			<key>isa</key>
			<string>PBXBuildFile</string>
		</dict>
		<key>1F03C37B1BA8E1950037D7D8</key>
		<dict>
			<key>isa</key>
			<string>PBXFileReference</string>
			<key>lastKnownFileType</key>
			<string>wrapper.framework</string>
			<key>name</key>
			<string>CoreLocation.framework</string>
			<key>path</key>
			<string>System/Library/Frameworks/CoreLocation.framework</string>
			<key>sourceTree</key>
			<string>SDKROOT</string>
		</dict>
		<key>1F03C37C1BA8E1950037D7D8</key>
		<dict>
			<key>fileRef</key>
			<string>1F03C37B1BA8E1950037D7D8</string>
			<key>isa</key>
			<string>PBXBuildFile</string>
		</dict>
		<key>1F08469C1C32C0490064FBDD</key>
		<dict>
			<key>fileEncoding</key>
			<string>4</string>
			<key>isa</key>
			<string>PBXFileReference</string>
			<key>lastKnownFileType</key>
			<string>sourcecode.swift</string>
			<key>path</key>
			<string>VenueTableCell.swift</string>
			<key>sourceTree</key>
			<string>&lt;group&gt;</string>
		</dict>
		<key>1F08469D1C32C0490064FBDD</key>
		<dict>
			<key>fileRef</key>
			<string>1F08469C1C32C0490064FBDD</string>
			<key>isa</key>
			<string>PBXBuildFile</string>
		</dict>
		<key>1F09183A1C6B80440020B498</key>
		<dict>
			<key>isa</key>
			<string>PBXFileReference</string>
			<key>lastKnownFileType</key>
			<string>wrapper.plug-in</string>
			<key>path</key>
			<string>Settings_Deploy.bundle</string>
			<key>sourceTree</key>
			<string>&lt;group&gt;</string>
		</dict>
		<key>1F0918781C6C110C0020B498</key>
		<dict>
			<key>buildSettings</key>
			<dict>
				<key>ALWAYS_SEARCH_USER_PATHS</key>
				<string>NO</string>
				<key>CLANG_CXX_LANGUAGE_STANDARD</key>
				<string>gnu++0x</string>
				<key>CLANG_CXX_LIBRARY</key>
				<string>libc++</string>
				<key>CLANG_ENABLE_MODULES</key>
				<string>YES</string>
				<key>CLANG_ENABLE_OBJC_ARC</key>
				<string>YES</string>
				<key>CLANG_WARN_BOOL_CONVERSION</key>
				<string>YES</string>
				<key>CLANG_WARN_CONSTANT_CONVERSION</key>
				<string>YES</string>
				<key>CLANG_WARN_DIRECT_OBJC_ISA_USAGE</key>
				<string>YES_ERROR</string>
				<key>CLANG_WARN_EMPTY_BODY</key>
				<string>YES</string>
				<key>CLANG_WARN_ENUM_CONVERSION</key>
				<string>YES</string>
				<key>CLANG_WARN_INT_CONVERSION</key>
				<string>YES</string>
				<key>CLANG_WARN_OBJC_ROOT_CLASS</key>
				<string>YES_ERROR</string>
				<key>CLANG_WARN_UNREACHABLE_CODE</key>
				<string>YES</string>
				<key>CLANG_WARN__DUPLICATE_METHOD_MATCH</key>
				<string>YES</string>
				<key>CODE_SIGN_IDENTITY[sdk=iphoneos*]</key>
				<string>iPhone Developer</string>
				<key>COPY_PHASE_STRIP</key>
				<string>NO</string>
				<key>DEBUG_INFORMATION_FORMAT</key>
				<string>dwarf-with-dsym</string>
				<key>ENABLE_NS_ASSERTIONS</key>
				<string>NO</string>
				<key>ENABLE_STRICT_OBJC_MSGSEND</key>
				<string>YES</string>
				<key>GCC_C_LANGUAGE_STANDARD</key>
				<string>gnu99</string>
				<key>GCC_NO_COMMON_BLOCKS</key>
				<string>YES</string>
				<key>GCC_WARN_64_TO_32_BIT_CONVERSION</key>
				<string>YES</string>
				<key>GCC_WARN_ABOUT_RETURN_TYPE</key>
				<string>YES_ERROR</string>
				<key>GCC_WARN_UNDECLARED_SELECTOR</key>
				<string>YES</string>
				<key>GCC_WARN_UNINITIALIZED_AUTOS</key>
				<string>YES_AGGRESSIVE</string>
				<key>GCC_WARN_UNUSED_FUNCTION</key>
				<string>YES</string>
				<key>GCC_WARN_UNUSED_VARIABLE</key>
				<string>YES</string>
				<key>IPHONEOS_DEPLOYMENT_TARGET</key>
				<string>9.0</string>
				<key>MTL_ENABLE_DEBUG_INFO</key>
				<string>NO</string>
				<key>SANDCASTLE_DEPLOYMENT</key>
				<string>Deploy</string>
				<key>SDKROOT</key>
				<string>iphoneos</string>
				<key>TARGETED_DEVICE_FAMILY</key>
				<string>1,2</string>
				<key>VALIDATE_PRODUCT</key>
				<string>YES</string>
			</dict>
			<key>isa</key>
			<string>XCBuildConfiguration</string>
			<key>name</key>
			<string>Deployment</string>
		</dict>
		<key>1F0918791C6C110C0020B498</key>
		<dict>
			<key>baseConfigurationReference</key>
			<string>278EBC8A59A48011B5054E11</string>
			<key>buildSettings</key>
			<dict>
				<key>ASSETCATALOG_COMPILER_APPICON_NAME</key>
				<string>AppIcon</string>
				<key>CODE_SIGN_IDENTITY</key>
				<string>iPhone Developer</string>
				<key>CODE_SIGN_IDENTITY[sdk=iphoneos*]</key>
				<string>iPhone Distribution</string>
				<key>INFOPLIST_FILE</key>
				<string>PartyUP/Info.plist</string>
				<key>IPHONEOS_DEPLOYMENT_TARGET</key>
				<string>8.0</string>
				<key>LD_RUNPATH_SEARCH_PATHS</key>
				<string>$(inherited) @executable_path/Frameworks</string>
				<key>PRODUCT_BUNDLE_IDENTIFIER</key>
				<string>com.sandcastleapps.PartyUP</string>
				<key>PRODUCT_NAME</key>
				<string>$(TARGET_NAME)</string>
				<key>PROVISIONING_PROFILE</key>
				<string></string>
			</dict>
			<key>isa</key>
			<string>XCBuildConfiguration</string>
			<key>name</key>
			<string>Deployment</string>
		</dict>
		<key>1F09187A1C6C110C0020B498</key>
		<dict>
			<key>buildSettings</key>
			<dict>
				<key>BUNDLE_LOADER</key>
				<string>$(TEST_HOST)</string>
				<key>INFOPLIST_FILE</key>
				<string>PartyUPTests/Info.plist</string>
				<key>LD_RUNPATH_SEARCH_PATHS</key>
				<string>$(inherited) @executable_path/Frameworks @loader_path/Frameworks</string>
				<key>PRODUCT_BUNDLE_IDENTIFIER</key>
				<string>com.sandcastleapps.PartyUPTests</string>
				<key>PRODUCT_NAME</key>
				<string>$(TARGET_NAME)</string>
				<key>TEST_HOST</key>
				<string>$(BUILT_PRODUCTS_DIR)/PartyUP.app/PartyUP</string>
			</dict>
			<key>isa</key>
			<string>XCBuildConfiguration</string>
			<key>name</key>
			<string>Deployment</string>
		</dict>
		<key>1F09187B1C6C110C0020B498</key>
		<dict>
			<key>buildSettings</key>
			<dict>
				<key>INFOPLIST_FILE</key>
				<string>PartyUPUITests/Info.plist</string>
				<key>LD_RUNPATH_SEARCH_PATHS</key>
				<string>$(inherited) @executable_path/Frameworks @loader_path/Frameworks</string>
				<key>PRODUCT_BUNDLE_IDENTIFIER</key>
				<string>com.sandcastleapps.PartyUPUITests</string>
				<key>PRODUCT_NAME</key>
				<string>$(TARGET_NAME)</string>
				<key>TEST_TARGET_NAME</key>
				<string>PartyUP</string>
				<key>USES_XCTRUNNER</key>
				<string>YES</string>
			</dict>
			<key>isa</key>
			<string>XCBuildConfiguration</string>
			<key>name</key>
			<string>Deployment</string>
		</dict>
		<key>1F09187C1C6C110C0020B498</key>
		<dict>
			<key>buildSettings</key>
			<dict>
				<key>PRODUCT_NAME</key>
				<string>$(TARGET_NAME)</string>
			</dict>
			<key>isa</key>
			<string>XCBuildConfiguration</string>
			<key>name</key>
			<string>Deployment</string>
		</dict>
		<key>1F09187D1C6C110C0020B498</key>
		<dict>
			<key>buildSettings</key>
			<dict>
				<key>PRODUCT_NAME</key>
				<string>$(TARGET_NAME)</string>
			</dict>
			<key>isa</key>
			<string>XCBuildConfiguration</string>
			<key>name</key>
			<string>Deployment</string>
		</dict>
		<key>1F0918821C6C1C880020B498</key>
		<dict>
			<key>buildActionMask</key>
			<string>2147483647</string>
			<key>files</key>
			<array/>
			<key>inputPaths</key>
			<array>
				<string>$(SRCROOT)/PartyUP/Settings_$(SANDCASTLE_DEPLOYMENT).bundle</string>
			</array>
			<key>isa</key>
			<string>PBXShellScriptBuildPhase</string>
			<key>name</key>
			<string>Copy Settings Bundle</string>
			<key>outputPaths</key>
			<array>
				<string>${BUILT_PRODUCTS_DIR}/${PRODUCT_NAME}.app/Settings.bundle</string>
			</array>
			<key>runOnlyForDeploymentPostprocessing</key>
			<string>0</string>
			<key>shellPath</key>
			<string>/bin/sh</string>
			<key>shellScript</key>
			<string>cp -r ${SCRIPT_INPUT_FILE_0} ${SCRIPT_OUTPUT_FILE_0}
echo "copying from ${SCRIPT_INPUT_FILE_0} to ${SCRIPT_OUTPUT_FILE_0}"</string>
		</dict>
		<key>1F10FD951C624A050090743C</key>
		<dict>
			<key>fileEncoding</key>
			<string>4</string>
			<key>isa</key>
			<string>PBXFileReference</string>
			<key>lastKnownFileType</key>
			<string>sourcecode.swift</string>
			<key>path</key>
			<string>AnimalTableCell.swift</string>
			<key>sourceTree</key>
			<string>&lt;group&gt;</string>
		</dict>
		<key>1F10FD961C624A050090743C</key>
		<dict>
			<key>fileRef</key>
			<string>1F10FD951C624A050090743C</string>
			<key>isa</key>
			<string>PBXBuildFile</string>
		</dict>
		<key>1F226D3B1BEC2CEE00BB85E2</key>
		<dict>
			<key>fileEncoding</key>
			<string>4</string>
			<key>isa</key>
			<string>PBXFileReference</string>
			<key>lastKnownFileType</key>
			<string>sourcecode.swift</string>
			<key>path</key>
			<string>BakeRootController.swift</string>
			<key>sourceTree</key>
			<string>&lt;group&gt;</string>
		</dict>
		<key>1F226D3C1BEC2CEE00BB85E2</key>
		<dict>
			<key>fileRef</key>
			<string>1F226D3B1BEC2CEE00BB85E2</string>
			<key>isa</key>
			<string>PBXBuildFile</string>
		</dict>
		<key>1F263C7F1BE19C1B009A3565</key>
		<dict>
			<key>fileEncoding</key>
			<string>4</string>
			<key>isa</key>
			<string>PBXFileReference</string>
			<key>lastKnownFileType</key>
			<string>text.plist.xml</string>
			<key>path</key>
			<string>PartyDefaults.plist</string>
			<key>sourceTree</key>
			<string>&lt;group&gt;</string>
		</dict>
		<key>1F263C801BE19C1B009A3565</key>
		<dict>
			<key>fileRef</key>
			<string>1F263C7F1BE19C1B009A3565</string>
			<key>isa</key>
			<string>PBXBuildFile</string>
		</dict>
		<key>1F263C811BE39A53009A3565</key>
		<dict>
			<key>isa</key>
			<string>PBXFileReference</string>
			<key>lastKnownFileType</key>
			<string>wrapper.plug-in</string>
			<key>path</key>
			<string>Settings_Develop.bundle</string>
			<key>sourceTree</key>
			<string>&lt;group&gt;</string>
		</dict>
		<key>1F2950A81C069D6100BCBF87</key>
		<dict>
			<key>children</key>
			<array>
				<string>1F263C7F1BE19C1B009A3565</string>
				<string>1F09183A1C6B80440020B498</string>
				<string>1F263C811BE39A53009A3565</string>
			</array>
			<key>isa</key>
			<string>PBXGroup</string>
			<key>name</key>
			<string>User Defaults</string>
			<key>sourceTree</key>
			<string>&lt;group&gt;</string>
		</dict>
		<key>1F2AA0C31C9B918000363DA8</key>
		<dict>
			<key>fileEncoding</key>
			<string>4</string>
			<key>isa</key>
			<string>PBXFileReference</string>
			<key>lastKnownFileType</key>
			<string>sourcecode.swift</string>
			<key>path</key>
			<string>FetchQueryable.swift</string>
			<key>sourceTree</key>
			<string>&lt;group&gt;</string>
		</dict>
		<key>1F2AA0C41C9B918000363DA8</key>
		<dict>
			<key>fileRef</key>
			<string>1F2AA0C31C9B918000363DA8</string>
			<key>isa</key>
			<string>PBXBuildFile</string>
		</dict>
		<key>1F2C485B1C8DBDE500DE07B2</key>
		<dict>
			<key>fileEncoding</key>
			<string>4</string>
			<key>isa</key>
			<string>PBXFileReference</string>
			<key>lastKnownFileType</key>
			<string>sourcecode.swift</string>
			<key>path</key>
			<string>Submission.swift</string>
			<key>sourceTree</key>
			<string>&lt;group&gt;</string>
		</dict>
		<key>1F2C485C1C8DBDE500DE07B2</key>
		<dict>
			<key>fileRef</key>
			<string>1F2C485B1C8DBDE500DE07B2</string>
			<key>isa</key>
			<string>PBXBuildFile</string>
		</dict>
		<key>1F2DDB241C5E658C00E28DE4</key>
		<dict>
			<key>fileEncoding</key>
			<string>4</string>
			<key>isa</key>
			<string>PBXFileReference</string>
			<key>lastKnownFileType</key>
			<string>sourcecode.swift</string>
			<key>path</key>
			<string>Promotion.swift</string>
			<key>sourceTree</key>
			<string>&lt;group&gt;</string>
		</dict>
		<key>1F2DDB251C5E658C00E28DE4</key>
		<dict>
			<key>fileRef</key>
			<string>1F2DDB241C5E658C00E28DE4</string>
			<key>isa</key>
			<string>PBXBuildFile</string>
		</dict>
		<key>1F3010981C9102B80047FA40</key>
		<dict>
			<key>fileEncoding</key>
			<string>4</string>
			<key>isa</key>
			<string>PBXFileReference</string>
			<key>lastKnownFileType</key>
			<string>sourcecode.swift</string>
			<key>path</key>
			<string>Advertisement.swift</string>
			<key>sourceTree</key>
			<string>&lt;group&gt;</string>
		</dict>
		<key>1F3010991C9102B80047FA40</key>
		<dict>
			<key>fileRef</key>
			<string>1F3010981C9102B80047FA40</string>
			<key>isa</key>
			<string>PBXBuildFile</string>
		</dict>
		<key>1F3BA58E1C4C72DF00F3079F</key>
		<dict>
			<key>buildConfigurationList</key>
			<string>1F3BA5901C4C72DF00F3079F</string>
			<key>buildPhases</key>
			<array>
				<string>1F3BA58F1C4C72DF00F3079F</string>
			</array>
			<key>dependencies</key>
			<array/>
			<key>isa</key>
			<string>PBXAggregateTarget</string>
			<key>name</key>
			<string>PartyVote</string>
			<key>productName</key>
			<string>PartyPurge</string>
		</dict>
		<key>1F3BA58F1C4C72DF00F3079F</key>
		<dict>
			<key>buildActionMask</key>
			<string>2147483647</string>
			<key>files</key>
			<array/>
			<key>inputPaths</key>
			<array>
				<string>$(SRCROOT)/AWSLambdas/vote.py</string>
			</array>
			<key>isa</key>
			<string>PBXShellScriptBuildPhase</string>
			<key>outputPaths</key>
			<array>
				<string>$(DERIVED_FILE_DIR)/$(TARGET_NAME).zip</string>
			</array>
			<key>runOnlyForDeploymentPostprocessing</key>
			<string>0</string>
			<key>shellPath</key>
			<string>/bin/sh</string>
			<key>shellScript</key>
			<string>echo ${SCRIPT_OUTPUT_FILE_0}
echo ${SCRIPT_INPUT_FILE_0}
if [-f ${SCRIPT_OUTPUT_FILE_0}]; then
    rm ${SCRIPT_OUTPUT_FILE_0}
fi

zip -j ${SCRIPT_OUTPUT_FILE_0} ${SCRIPT_INPUT_FILE_0}

aws lambda update-function-code --function-name reduceSampleVotes --zip-file fileb://${SCRIPT_OUTPUT_FILE_0}</string>
		</dict>
		<key>1F3BA5901C4C72DF00F3079F</key>
		<dict>
			<key>buildConfigurations</key>
			<array>
				<string>1F3BA5911C4C72DF00F3079F</string>
				<string>1F3BA5921C4C72DF00F3079F</string>
				<string>1F09187D1C6C110C0020B498</string>
			</array>
			<key>defaultConfigurationIsVisible</key>
			<string>0</string>
			<key>defaultConfigurationName</key>
			<string>Release</string>
			<key>isa</key>
			<string>XCConfigurationList</string>
		</dict>
		<key>1F3BA5911C4C72DF00F3079F</key>
		<dict>
			<key>buildSettings</key>
			<dict>
				<key>PRODUCT_NAME</key>
				<string>$(TARGET_NAME)</string>
			</dict>
			<key>isa</key>
			<string>XCBuildConfiguration</string>
			<key>name</key>
			<string>Debug</string>
		</dict>
		<key>1F3BA5921C4C72DF00F3079F</key>
		<dict>
			<key>buildSettings</key>
			<dict>
				<key>PRODUCT_NAME</key>
				<string>$(TARGET_NAME)</string>
			</dict>
			<key>isa</key>
			<string>XCBuildConfiguration</string>
			<key>name</key>
			<string>Release</string>
		</dict>
		<key>1F3BA5931C4C752900F3079F</key>
		<dict>
			<key>fileEncoding</key>
			<string>4</string>
			<key>isa</key>
			<string>PBXFileReference</string>
			<key>lastKnownFileType</key>
			<string>text.script.python</string>
			<key>name</key>
			<string>vote.py</string>
			<key>path</key>
			<string>AWSLambdas/vote.py</string>
			<key>sourceTree</key>
			<string>&lt;group&gt;</string>
			<key>usesTabs</key>
			<string>0</string>
		</dict>
		<key>1F3BA5941C4D168000F3079F</key>
		<dict>
			<key>fileEncoding</key>
			<string>4</string>
			<key>isa</key>
			<string>PBXFileReference</string>
			<key>lastKnownFileType</key>
			<string>text.json</string>
			<key>path</key>
			<string>VoteStream.json</string>
			<key>sourceTree</key>
			<string>&lt;group&gt;</string>
			<key>usesTabs</key>
			<string>0</string>
		</dict>
		<key>1F3F54331C3EBED800DF9B2B</key>
		<dict>
			<key>fileEncoding</key>
			<string>4</string>
			<key>isa</key>
			<string>PBXFileReference</string>
			<key>lastKnownFileType</key>
			<string>text.plist.xml</string>
			<key>path</key>
			<string>PartyNotify.plist</string>
			<key>sourceTree</key>
			<string>&lt;group&gt;</string>
		</dict>
		<key>1F3F54341C3EBED800DF9B2B</key>
		<dict>
			<key>fileRef</key>
			<string>1F3F54331C3EBED800DF9B2B</string>
			<key>isa</key>
			<string>PBXBuildFile</string>
		</dict>
		<key>1F4279F41BA59F4C00E622CF</key>
		<dict>
			<key>children</key>
			<array>
				<string>1F4279FF1BA59F4C00E622CF</string>
				<string>1F71B5DD1C0897B200F5740E</string>
				<string>1F7463991C04A11600182278</string>
				<string>1F427A141BA59F4C00E622CF</string>
				<string>1F427A1F1BA59F4C00E622CF</string>
				<string>1F4279FE1BA59F4C00E622CF</string>
				<string>F45C5C08936EE0B946D71CE9</string>
				<string>1AA4866CCC751B01696E2D72</string>
			</array>
			<key>isa</key>
			<string>PBXGroup</string>
			<key>sourceTree</key>
			<string>&lt;group&gt;</string>
		</dict>
		<key>1F4279F51BA59F4C00E622CF</key>
		<dict>
			<key>attributes</key>
			<dict>
				<key>LastUpgradeCheck</key>
				<string>0700</string>
				<key>ORGANIZATIONNAME</key>
				<string>Sandcastle Application Development</string>
				<key>TargetAttributes</key>
				<dict>
					<key>1F4279FC1BA59F4C00E622CF</key>
					<dict>
						<key>CreatedOnToolsVersion</key>
						<string>7.0</string>
						<key>DevelopmentTeam</key>
						<string>BF5YT9TQE8</string>
					</dict>
					<key>1F427A101BA59F4C00E622CF</key>
					<dict>
						<key>CreatedOnToolsVersion</key>
						<string>7.0</string>
						<key>TestTargetID</key>
						<string>1F4279FC1BA59F4C00E622CF</string>
					</dict>
					<key>1F427A1B1BA59F4C00E622CF</key>
					<dict>
						<key>CreatedOnToolsVersion</key>
						<string>7.0</string>
						<key>TestTargetID</key>
						<string>1F4279FC1BA59F4C00E622CF</string>
					</dict>
					<key>1F74639A1C04A41700182278</key>
					<dict>
						<key>CreatedOnToolsVersion</key>
						<string>7.1.1</string>
					</dict>
				</dict>
			</dict>
			<key>buildConfigurationList</key>
			<string>1F4279F81BA59F4C00E622CF</string>
			<key>compatibilityVersion</key>
			<string>Xcode 3.2</string>
			<key>developmentRegion</key>
			<string>English</string>
			<key>hasScannedForEncodings</key>
			<string>0</string>
			<key>isa</key>
			<string>PBXProject</string>
			<key>knownRegions</key>
			<array>
				<string>en</string>
				<string>Base</string>
			</array>
			<key>mainGroup</key>
			<string>1F4279F41BA59F4C00E622CF</string>
			<key>productRefGroup</key>
			<string>1F4279FE1BA59F4C00E622CF</string>
			<key>projectDirPath</key>
			<string></string>
			<key>projectReferences</key>
			<array/>
			<key>projectRoot</key>
			<string></string>
			<key>targets</key>
			<array>
				<string>1F4279FC1BA59F4C00E622CF</string>
				<string>1F427A101BA59F4C00E622CF</string>
				<string>1F427A1B1BA59F4C00E622CF</string>
				<string>1F74639A1C04A41700182278</string>
				<string>1F3BA58E1C4C72DF00F3079F</string>
			</array>
		</dict>
		<key>1F4279F81BA59F4C00E622CF</key>
		<dict>
			<key>buildConfigurations</key>
			<array>
				<string>1F427A231BA59F4C00E622CF</string>
				<string>1F427A241BA59F4C00E622CF</string>
				<string>1F0918781C6C110C0020B498</string>
			</array>
			<key>defaultConfigurationIsVisible</key>
			<string>0</string>
			<key>defaultConfigurationName</key>
			<string>Release</string>
			<key>isa</key>
			<string>XCConfigurationList</string>
		</dict>
		<key>1F4279F91BA59F4C00E622CF</key>
		<dict>
			<key>buildActionMask</key>
			<string>2147483647</string>
			<key>files</key>
			<array>
				<string>1F03C3761BA84F290037D7D8</string>
				<string>1FBD40051C11E1060093D852</string>
				<string>1FEF0D4D1BEE189F00A1F689</string>
				<string>1F3010991C9102B80047FA40</string>
				<string>1F9997471BB48A99003457E2</string>
				<string>1F03C37A1BA898F20037D7D8</string>
				<string>1FBD40031C11DCCD0093D852</string>
				<string>1F2AA0C41C9B918000363DA8</string>
				<string>1FDA45601C1DB02300F5E458</string>
				<string>1F427A011BA59F4C00E622CF</string>
				<string>1FF051E31C1FB61800A7A67C</string>
				<string>1F10FD961C624A050090743C</string>
				<string>1F2DDB251C5E658C00E28DE4</string>
				<string>1FDA2F2A1BB1930D00D33540</string>
				<string>1F9509971BAF81FB005BDC18</string>
				<string>1F2C485C1C8DBDE500DE07B2</string>
				<string>1FD1CDC61C8318B00003C744</string>
				<string>1F226D3C1BEC2CEE00BB85E2</string>
				<string>1FDA455B1C1CECD200F5E458</string>
				<string>1F69A6271CA5C73300A84731</string>
				<string>1F9509951BACACE8005BDC18</string>
				<string>1F8BF1C11C1C55C500221D82</string>
				<string>1FBD401D1C14609C0093D852</string>
				<string>1F7687941BFE278200D96768</string>
				<string>1F08469D1C32C0490064FBDD</string>
				<string>1FEF51111BBF4D1500710948</string>
				<string>1F03C3781BA8500F0037D7D8</string>
				<string>1F9C367F1C90594F006CD1FA</string>
				<string>1FD0E0901BF56117005590C5</string>
				<string>1F9997491BB61939003457E2</string>
				<string>1FDA45621C1E2D5400F5E458</string>
				<string>1FB916501C6A42D700ED62DE</string>
			</array>
			<key>isa</key>
			<string>PBXSourcesBuildPhase</string>
			<key>runOnlyForDeploymentPostprocessing</key>
			<string>0</string>
		</dict>
		<key>1F4279FA1BA59F4C00E622CF</key>
		<dict>
			<key>buildActionMask</key>
			<string>2147483647</string>
			<key>files</key>
			<array>
				<string>1F9997451BB323D5003457E2</string>
				<string>1F03C37C1BA8E1950037D7D8</string>
				<string>7EE829BA4B1CF0AEA5ED4483</string>
			</array>
			<key>isa</key>
			<string>PBXFrameworksBuildPhase</string>
			<key>runOnlyForDeploymentPostprocessing</key>
			<string>0</string>
		</dict>
		<key>1F4279FB1BA59F4C00E622CF</key>
		<dict>
			<key>buildActionMask</key>
			<string>2147483647</string>
			<key>files</key>
			<array>
				<string>1F427A0B1BA59F4C00E622CF</string>
				<string>1F263C801BE19C1B009A3565</string>
				<string>1F8BF1C41C1C55DD00221D82</string>
				<string>1F9896911C2239F000B0DB29</string>
				<string>1FF051E51C20560100A7A67C</string>
				<string>1FBD40141C120F6C0093D852</string>
				<string>1F427A081BA59F4C00E622CF</string>
				<string>1F783F4A1CAD99D100B5E753</string>
				<string>1F9879861C401D060079467E</string>
				<string>1F98968C1C2239DE00B0DB29</string>
				<string>1F3F54341C3EBED800DF9B2B</string>
				<string>1F427A061BA59F4C00E622CF</string>
				<string>1FBD40191C120F6C0093D852</string>
			</array>
			<key>isa</key>
			<string>PBXResourcesBuildPhase</string>
			<key>runOnlyForDeploymentPostprocessing</key>
			<string>0</string>
		</dict>
		<key>1F4279FC1BA59F4C00E622CF</key>
		<dict>
			<key>buildConfigurationList</key>
			<string>1F427A251BA59F4C00E622CF</string>
			<key>buildPhases</key>
			<array>
				<string>291D82C92F95935A10796D6B</string>
				<string>1F4279F91BA59F4C00E622CF</string>
				<string>1F4279FA1BA59F4C00E622CF</string>
				<string>1F4279FB1BA59F4C00E622CF</string>
				<string>1F0918821C6C1C880020B498</string>
				<string>D406C41E4BF32F7A8002EA8B</string>
				<string>F85F7E22C476F7FF283C6632</string>
			</array>
			<key>buildRules</key>
			<array/>
			<key>dependencies</key>
			<array/>
			<key>isa</key>
			<string>PBXNativeTarget</string>
			<key>name</key>
			<string>PartyUP</string>
			<key>productName</key>
			<string>PartyUP</string>
			<key>productReference</key>
			<string>1F4279FD1BA59F4C00E622CF</string>
			<key>productType</key>
			<string>com.apple.product-type.application</string>
		</dict>
		<key>1F4279FD1BA59F4C00E622CF</key>
		<dict>
			<key>explicitFileType</key>
			<string>wrapper.application</string>
			<key>includeInIndex</key>
			<string>0</string>
			<key>isa</key>
			<string>PBXFileReference</string>
			<key>path</key>
			<string>PartyUP.app</string>
			<key>sourceTree</key>
			<string>BUILT_PRODUCTS_DIR</string>
		</dict>
		<key>1F4279FE1BA59F4C00E622CF</key>
		<dict>
			<key>children</key>
			<array>
				<string>1F4279FD1BA59F4C00E622CF</string>
				<string>1F427A111BA59F4C00E622CF</string>
				<string>1F427A1C1BA59F4C00E622CF</string>
			</array>
			<key>isa</key>
			<string>PBXGroup</string>
			<key>name</key>
			<string>Products</string>
			<key>sourceTree</key>
			<string>&lt;group&gt;</string>
		</dict>
		<key>1F4279FF1BA59F4C00E622CF</key>
		<dict>
			<key>children</key>
			<array>
				<string>1F427A001BA59F4C00E622CF</string>
				<string>1FDA2F281BB191D500D33540</string>
				<string>1FDA2F261BB1914100D33540</string>
				<string>1FDA2F271BB1916D00D33540</string>
				<string>1F8BF1BF1C1C558900221D82</string>
				<string>1FDA455C1C1DAEFB00F5E458</string>
				<string>1F03C3721BA84DDC0037D7D8</string>
				<string>1F03C3711BA84C5E0037D7D8</string>
				<string>1F2950A81C069D6100BCBF87</string>
			</array>
			<key>isa</key>
			<string>PBXGroup</string>
			<key>path</key>
			<string>PartyUP</string>
			<key>sourceTree</key>
			<string>&lt;group&gt;</string>
		</dict>
		<key>1F427A001BA59F4C00E622CF</key>
		<dict>
			<key>isa</key>
			<string>PBXFileReference</string>
			<key>lastKnownFileType</key>
			<string>sourcecode.swift</string>
			<key>path</key>
			<string>AppDelegate.swift</string>
			<key>sourceTree</key>
			<string>&lt;group&gt;</string>
		</dict>
		<key>1F427A011BA59F4C00E622CF</key>
		<dict>
			<key>fileRef</key>
			<string>1F427A001BA59F4C00E622CF</string>
			<key>isa</key>
			<string>PBXBuildFile</string>
		</dict>
		<key>1F427A041BA59F4C00E622CF</key>
		<dict>
			<key>children</key>
			<array>
				<string>1F427A051BA59F4C00E622CF</string>
				<string>1FBD40061C120F6B0093D852</string>
			</array>
			<key>isa</key>
			<string>PBXVariantGroup</string>
			<key>name</key>
			<string>Main.storyboard</string>
			<key>sourceTree</key>
			<string>&lt;group&gt;</string>
		</dict>
		<key>1F427A051BA59F4C00E622CF</key>
		<dict>
			<key>isa</key>
			<string>PBXFileReference</string>
			<key>lastKnownFileType</key>
			<string>file.storyboard</string>
			<key>name</key>
			<string>Base</string>
			<key>path</key>
			<string>Base.lproj/Main.storyboard</string>
			<key>sourceTree</key>
			<string>&lt;group&gt;</string>
		</dict>
		<key>1F427A061BA59F4C00E622CF</key>
		<dict>
			<key>fileRef</key>
			<string>1F427A041BA59F4C00E622CF</string>
			<key>isa</key>
			<string>PBXBuildFile</string>
		</dict>
		<key>1F427A071BA59F4C00E622CF</key>
		<dict>
			<key>isa</key>
			<string>PBXFileReference</string>
			<key>lastKnownFileType</key>
			<string>folder.assetcatalog</string>
			<key>path</key>
			<string>Assets.xcassets</string>
			<key>sourceTree</key>
			<string>&lt;group&gt;</string>
		</dict>
		<key>1F427A081BA59F4C00E622CF</key>
		<dict>
			<key>fileRef</key>
			<string>1F427A071BA59F4C00E622CF</string>
			<key>isa</key>
			<string>PBXBuildFile</string>
		</dict>
		<key>1F427A091BA59F4C00E622CF</key>
		<dict>
			<key>children</key>
			<array>
				<string>1F427A0A1BA59F4C00E622CF</string>
				<string>1FBD40071C120F6B0093D852</string>
			</array>
			<key>isa</key>
			<string>PBXVariantGroup</string>
			<key>name</key>
			<string>LaunchScreen.storyboard</string>
			<key>sourceTree</key>
			<string>&lt;group&gt;</string>
		</dict>
		<key>1F427A0A1BA59F4C00E622CF</key>
		<dict>
			<key>isa</key>
			<string>PBXFileReference</string>
			<key>lastKnownFileType</key>
			<string>file.storyboard</string>
			<key>name</key>
			<string>Base</string>
			<key>path</key>
			<string>Base.lproj/LaunchScreen.storyboard</string>
			<key>sourceTree</key>
			<string>&lt;group&gt;</string>
		</dict>
		<key>1F427A0B1BA59F4C00E622CF</key>
		<dict>
			<key>fileRef</key>
			<string>1F427A091BA59F4C00E622CF</string>
			<key>isa</key>
			<string>PBXBuildFile</string>
		</dict>
		<key>1F427A0C1BA59F4C00E622CF</key>
		<dict>
			<key>isa</key>
			<string>PBXFileReference</string>
			<key>lastKnownFileType</key>
			<string>text.plist.xml</string>
			<key>path</key>
			<string>Info.plist</string>
			<key>sourceTree</key>
			<string>&lt;group&gt;</string>
		</dict>
		<key>1F427A0D1BA59F4C00E622CF</key>
		<dict>
			<key>buildActionMask</key>
			<string>2147483647</string>
			<key>files</key>
			<array>
				<string>1F427A161BA59F4C00E622CF</string>
			</array>
			<key>isa</key>
			<string>PBXSourcesBuildPhase</string>
			<key>runOnlyForDeploymentPostprocessing</key>
			<string>0</string>
		</dict>
		<key>1F427A0E1BA59F4C00E622CF</key>
		<dict>
			<key>buildActionMask</key>
			<string>2147483647</string>
			<key>files</key>
			<array/>
			<key>isa</key>
			<string>PBXFrameworksBuildPhase</string>
			<key>runOnlyForDeploymentPostprocessing</key>
			<string>0</string>
		</dict>
		<key>1F427A0F1BA59F4C00E622CF</key>
		<dict>
			<key>buildActionMask</key>
			<string>2147483647</string>
			<key>files</key>
			<array>
				<string>1FBD400F1C120F6C0093D852</string>
			</array>
			<key>isa</key>
			<string>PBXResourcesBuildPhase</string>
			<key>runOnlyForDeploymentPostprocessing</key>
			<string>0</string>
		</dict>
		<key>1F427A101BA59F4C00E622CF</key>
		<dict>
			<key>buildConfigurationList</key>
			<string>1F427A281BA59F4C00E622CF</string>
			<key>buildPhases</key>
			<array>
				<string>1F427A0D1BA59F4C00E622CF</string>
				<string>1F427A0E1BA59F4C00E622CF</string>
				<string>1F427A0F1BA59F4C00E622CF</string>
			</array>
			<key>buildRules</key>
			<array/>
			<key>dependencies</key>
			<array>
				<string>1F427A131BA59F4C00E622CF</string>
			</array>
			<key>isa</key>
			<string>PBXNativeTarget</string>
			<key>name</key>
			<string>PartyUPTests</string>
			<key>productName</key>
			<string>PartyUPTests</string>
			<key>productReference</key>
			<string>1F427A111BA59F4C00E622CF</string>
			<key>productType</key>
			<string>com.apple.product-type.bundle.unit-test</string>
		</dict>
		<key>1F427A111BA59F4C00E622CF</key>
		<dict>
			<key>explicitFileType</key>
			<string>wrapper.cfbundle</string>
			<key>includeInIndex</key>
			<string>0</string>
			<key>isa</key>
			<string>PBXFileReference</string>
			<key>path</key>
			<string>PartyUPTests.xctest</string>
			<key>sourceTree</key>
			<string>BUILT_PRODUCTS_DIR</string>
		</dict>
		<key>1F427A121BA59F4C00E622CF</key>
		<dict>
			<key>containerPortal</key>
			<string>1F4279F51BA59F4C00E622CF</string>
			<key>isa</key>
			<string>PBXContainerItemProxy</string>
			<key>proxyType</key>
			<string>1</string>
			<key>remoteGlobalIDString</key>
			<string>1F4279FC1BA59F4C00E622CF</string>
			<key>remoteInfo</key>
			<string>PartyUP</string>
		</dict>
		<key>1F427A131BA59F4C00E622CF</key>
		<dict>
			<key>isa</key>
			<string>PBXTargetDependency</string>
			<key>target</key>
			<string>1F4279FC1BA59F4C00E622CF</string>
			<key>targetProxy</key>
			<string>1F427A121BA59F4C00E622CF</string>
		</dict>
		<key>1F427A141BA59F4C00E622CF</key>
		<dict>
			<key>children</key>
			<array>
				<string>1FBD40111C120F6C0093D852</string>
				<string>1F427A151BA59F4C00E622CF</string>
				<string>1F427A171BA59F4C00E622CF</string>
			</array>
			<key>isa</key>
			<string>PBXGroup</string>
			<key>path</key>
			<string>PartyUPTests</string>
			<key>sourceTree</key>
			<string>&lt;group&gt;</string>
		</dict>
		<key>1F427A151BA59F4C00E622CF</key>
		<dict>
			<key>isa</key>
			<string>PBXFileReference</string>
			<key>lastKnownFileType</key>
			<string>sourcecode.swift</string>
			<key>path</key>
			<string>PartyUPTests.swift</string>
			<key>sourceTree</key>
			<string>&lt;group&gt;</string>
		</dict>
		<key>1F427A161BA59F4C00E622CF</key>
		<dict>
			<key>fileRef</key>
			<string>1F427A151BA59F4C00E622CF</string>
			<key>isa</key>
			<string>PBXBuildFile</string>
		</dict>
		<key>1F427A171BA59F4C00E622CF</key>
		<dict>
			<key>isa</key>
			<string>PBXFileReference</string>
			<key>lastKnownFileType</key>
			<string>text.plist.xml</string>
			<key>path</key>
			<string>Info.plist</string>
			<key>sourceTree</key>
			<string>&lt;group&gt;</string>
		</dict>
		<key>1F427A181BA59F4C00E622CF</key>
		<dict>
			<key>buildActionMask</key>
			<string>2147483647</string>
			<key>files</key>
			<array>
				<string>1F427A211BA59F4C00E622CF</string>
			</array>
			<key>isa</key>
			<string>PBXSourcesBuildPhase</string>
			<key>runOnlyForDeploymentPostprocessing</key>
			<string>0</string>
		</dict>
		<key>1F427A191BA59F4C00E622CF</key>
		<dict>
			<key>buildActionMask</key>
			<string>2147483647</string>
			<key>files</key>
			<array/>
			<key>isa</key>
			<string>PBXFrameworksBuildPhase</string>
			<key>runOnlyForDeploymentPostprocessing</key>
			<string>0</string>
		</dict>
		<key>1F427A1A1BA59F4C00E622CF</key>
		<dict>
			<key>buildActionMask</key>
			<string>2147483647</string>
			<key>files</key>
			<array>
				<string>1FBD400A1C120F6B0093D852</string>
			</array>
			<key>isa</key>
			<string>PBXResourcesBuildPhase</string>
			<key>runOnlyForDeploymentPostprocessing</key>
			<string>0</string>
		</dict>
		<key>1F427A1B1BA59F4C00E622CF</key>
		<dict>
			<key>buildConfigurationList</key>
			<string>1F427A2B1BA59F4C00E622CF</string>
			<key>buildPhases</key>
			<array>
				<string>1F427A181BA59F4C00E622CF</string>
				<string>1F427A191BA59F4C00E622CF</string>
				<string>1F427A1A1BA59F4C00E622CF</string>
			</array>
			<key>buildRules</key>
			<array/>
			<key>dependencies</key>
			<array>
				<string>1F427A1E1BA59F4C00E622CF</string>
			</array>
			<key>isa</key>
			<string>PBXNativeTarget</string>
			<key>name</key>
			<string>PartyUPUITests</string>
			<key>productName</key>
			<string>PartyUPUITests</string>
			<key>productReference</key>
			<string>1F427A1C1BA59F4C00E622CF</string>
			<key>productType</key>
			<string>com.apple.product-type.bundle.ui-testing</string>
		</dict>
		<key>1F427A1C1BA59F4C00E622CF</key>
		<dict>
			<key>explicitFileType</key>
			<string>wrapper.cfbundle</string>
			<key>includeInIndex</key>
			<string>0</string>
			<key>isa</key>
			<string>PBXFileReference</string>
			<key>path</key>
			<string>PartyUPUITests.xctest</string>
			<key>sourceTree</key>
			<string>BUILT_PRODUCTS_DIR</string>
		</dict>
		<key>1F427A1D1BA59F4C00E622CF</key>
		<dict>
			<key>containerPortal</key>
			<string>1F4279F51BA59F4C00E622CF</string>
			<key>isa</key>
			<string>PBXContainerItemProxy</string>
			<key>proxyType</key>
			<string>1</string>
			<key>remoteGlobalIDString</key>
			<string>1F4279FC1BA59F4C00E622CF</string>
			<key>remoteInfo</key>
			<string>PartyUP</string>
		</dict>
		<key>1F427A1E1BA59F4C00E622CF</key>
		<dict>
			<key>isa</key>
			<string>PBXTargetDependency</string>
			<key>target</key>
			<string>1F4279FC1BA59F4C00E622CF</string>
			<key>targetProxy</key>
			<string>1F427A1D1BA59F4C00E622CF</string>
		</dict>
		<key>1F427A1F1BA59F4C00E622CF</key>
		<dict>
			<key>children</key>
			<array>
				<string>1FBD400C1C120F6B0093D852</string>
				<string>1F427A201BA59F4C00E622CF</string>
				<string>1F427A221BA59F4C00E622CF</string>
			</array>
			<key>isa</key>
			<string>PBXGroup</string>
			<key>path</key>
			<string>PartyUPUITests</string>
			<key>sourceTree</key>
			<string>&lt;group&gt;</string>
		</dict>
		<key>1F427A201BA59F4C00E622CF</key>
		<dict>
			<key>isa</key>
			<string>PBXFileReference</string>
			<key>lastKnownFileType</key>
			<string>sourcecode.swift</string>
			<key>path</key>
			<string>PartyUPUITests.swift</string>
			<key>sourceTree</key>
			<string>&lt;group&gt;</string>
		</dict>
		<key>1F427A211BA59F4C00E622CF</key>
		<dict>
			<key>fileRef</key>
			<string>1F427A201BA59F4C00E622CF</string>
			<key>isa</key>
			<string>PBXBuildFile</string>
		</dict>
		<key>1F427A221BA59F4C00E622CF</key>
		<dict>
			<key>isa</key>
			<string>PBXFileReference</string>
			<key>lastKnownFileType</key>
			<string>text.plist.xml</string>
			<key>path</key>
			<string>Info.plist</string>
			<key>sourceTree</key>
			<string>&lt;group&gt;</string>
		</dict>
		<key>1F427A231BA59F4C00E622CF</key>
		<dict>
			<key>buildSettings</key>
			<dict>
				<key>ALWAYS_SEARCH_USER_PATHS</key>
				<string>NO</string>
				<key>CLANG_CXX_LANGUAGE_STANDARD</key>
				<string>gnu++0x</string>
				<key>CLANG_CXX_LIBRARY</key>
				<string>libc++</string>
				<key>CLANG_ENABLE_MODULES</key>
				<string>YES</string>
				<key>CLANG_ENABLE_OBJC_ARC</key>
				<string>YES</string>
				<key>CLANG_WARN_BOOL_CONVERSION</key>
				<string>YES</string>
				<key>CLANG_WARN_CONSTANT_CONVERSION</key>
				<string>YES</string>
				<key>CLANG_WARN_DIRECT_OBJC_ISA_USAGE</key>
				<string>YES_ERROR</string>
				<key>CLANG_WARN_EMPTY_BODY</key>
				<string>YES</string>
				<key>CLANG_WARN_ENUM_CONVERSION</key>
				<string>YES</string>
				<key>CLANG_WARN_INT_CONVERSION</key>
				<string>YES</string>
				<key>CLANG_WARN_OBJC_ROOT_CLASS</key>
				<string>YES_ERROR</string>
				<key>CLANG_WARN_UNREACHABLE_CODE</key>
				<string>YES</string>
				<key>CLANG_WARN__DUPLICATE_METHOD_MATCH</key>
				<string>YES</string>
				<key>CODE_SIGN_IDENTITY[sdk=iphoneos*]</key>
				<string>iPhone Developer</string>
				<key>COPY_PHASE_STRIP</key>
				<string>NO</string>
				<key>DEBUG_INFORMATION_FORMAT</key>
				<string>dwarf</string>
				<key>ENABLE_STRICT_OBJC_MSGSEND</key>
				<string>YES</string>
				<key>ENABLE_TESTABILITY</key>
				<string>YES</string>
				<key>GCC_C_LANGUAGE_STANDARD</key>
				<string>gnu99</string>
				<key>GCC_DYNAMIC_NO_PIC</key>
				<string>NO</string>
				<key>GCC_NO_COMMON_BLOCKS</key>
				<string>YES</string>
				<key>GCC_OPTIMIZATION_LEVEL</key>
				<string>0</string>
				<key>GCC_PREPROCESSOR_DEFINITIONS</key>
				<array>
					<string>DEBUG=1</string>
					<string>$(inherited)</string>
				</array>
				<key>GCC_WARN_64_TO_32_BIT_CONVERSION</key>
				<string>YES</string>
				<key>GCC_WARN_ABOUT_RETURN_TYPE</key>
				<string>YES_ERROR</string>
				<key>GCC_WARN_UNDECLARED_SELECTOR</key>
				<string>YES</string>
				<key>GCC_WARN_UNINITIALIZED_AUTOS</key>
				<string>YES_AGGRESSIVE</string>
				<key>GCC_WARN_UNUSED_FUNCTION</key>
				<string>YES</string>
				<key>GCC_WARN_UNUSED_VARIABLE</key>
				<string>YES</string>
				<key>IPHONEOS_DEPLOYMENT_TARGET</key>
				<string>9.0</string>
				<key>MTL_ENABLE_DEBUG_INFO</key>
				<string>YES</string>
				<key>ONLY_ACTIVE_ARCH</key>
				<string>YES</string>
				<key>SANDCASTLE_DEPLOYMENT</key>
				<string>Develop</string>
				<key>SDKROOT</key>
				<string>iphoneos</string>
				<key>SWIFT_OPTIMIZATION_LEVEL</key>
				<string>-Onone</string>
				<key>TARGETED_DEVICE_FAMILY</key>
				<string>1,2</string>
			</dict>
			<key>isa</key>
			<string>XCBuildConfiguration</string>
			<key>name</key>
			<string>Debug</string>
		</dict>
		<key>1F427A241BA59F4C00E622CF</key>
		<dict>
			<key>buildSettings</key>
			<dict>
				<key>ALWAYS_SEARCH_USER_PATHS</key>
				<string>NO</string>
				<key>CLANG_CXX_LANGUAGE_STANDARD</key>
				<string>gnu++0x</string>
				<key>CLANG_CXX_LIBRARY</key>
				<string>libc++</string>
				<key>CLANG_ENABLE_MODULES</key>
				<string>YES</string>
				<key>CLANG_ENABLE_OBJC_ARC</key>
				<string>YES</string>
				<key>CLANG_WARN_BOOL_CONVERSION</key>
				<string>YES</string>
				<key>CLANG_WARN_CONSTANT_CONVERSION</key>
				<string>YES</string>
				<key>CLANG_WARN_DIRECT_OBJC_ISA_USAGE</key>
				<string>YES_ERROR</string>
				<key>CLANG_WARN_EMPTY_BODY</key>
				<string>YES</string>
				<key>CLANG_WARN_ENUM_CONVERSION</key>
				<string>YES</string>
				<key>CLANG_WARN_INT_CONVERSION</key>
				<string>YES</string>
				<key>CLANG_WARN_OBJC_ROOT_CLASS</key>
				<string>YES_ERROR</string>
				<key>CLANG_WARN_UNREACHABLE_CODE</key>
				<string>YES</string>
				<key>CLANG_WARN__DUPLICATE_METHOD_MATCH</key>
				<string>YES</string>
				<key>CODE_SIGN_IDENTITY[sdk=iphoneos*]</key>
				<string>iPhone Developer</string>
				<key>COPY_PHASE_STRIP</key>
				<string>NO</string>
				<key>DEBUG_INFORMATION_FORMAT</key>
				<string>dwarf-with-dsym</string>
				<key>ENABLE_NS_ASSERTIONS</key>
				<string>NO</string>
				<key>ENABLE_STRICT_OBJC_MSGSEND</key>
				<string>YES</string>
				<key>GCC_C_LANGUAGE_STANDARD</key>
				<string>gnu99</string>
				<key>GCC_NO_COMMON_BLOCKS</key>
				<string>YES</string>
				<key>GCC_WARN_64_TO_32_BIT_CONVERSION</key>
				<string>YES</string>
				<key>GCC_WARN_ABOUT_RETURN_TYPE</key>
				<string>YES_ERROR</string>
				<key>GCC_WARN_UNDECLARED_SELECTOR</key>
				<string>YES</string>
				<key>GCC_WARN_UNINITIALIZED_AUTOS</key>
				<string>YES_AGGRESSIVE</string>
				<key>GCC_WARN_UNUSED_FUNCTION</key>
				<string>YES</string>
				<key>GCC_WARN_UNUSED_VARIABLE</key>
				<string>YES</string>
				<key>IPHONEOS_DEPLOYMENT_TARGET</key>
				<string>9.0</string>
				<key>MTL_ENABLE_DEBUG_INFO</key>
				<string>NO</string>
				<key>SANDCASTLE_DEPLOYMENT</key>
				<string>Develop</string>
				<key>SDKROOT</key>
				<string>iphoneos</string>
				<key>TARGETED_DEVICE_FAMILY</key>
				<string>1,2</string>
				<key>VALIDATE_PRODUCT</key>
				<string>YES</string>
			</dict>
			<key>isa</key>
			<string>XCBuildConfiguration</string>
			<key>name</key>
			<string>Release</string>
		</dict>
		<key>1F427A251BA59F4C00E622CF</key>
		<dict>
			<key>buildConfigurations</key>
			<array>
				<string>1F427A261BA59F4C00E622CF</string>
				<string>1F427A271BA59F4C00E622CF</string>
				<string>1F0918791C6C110C0020B498</string>
			</array>
			<key>defaultConfigurationIsVisible</key>
			<string>0</string>
			<key>defaultConfigurationName</key>
			<string>Release</string>
			<key>isa</key>
			<string>XCConfigurationList</string>
		</dict>
		<key>1F427A261BA59F4C00E622CF</key>
		<dict>
			<key>baseConfigurationReference</key>
			<string>E250F03FAB390B1DB74C492F</string>
			<key>buildSettings</key>
			<dict>
				<key>ASSETCATALOG_COMPILER_APPICON_NAME</key>
				<string>AppIcon</string>
				<key>CODE_SIGN_IDENTITY</key>
				<string>iPhone Developer</string>
				<key>CODE_SIGN_IDENTITY[sdk=iphoneos*]</key>
				<string>iPhone Developer</string>
				<key>INFOPLIST_FILE</key>
				<string>PartyUP/Info.plist</string>
				<key>IPHONEOS_DEPLOYMENT_TARGET</key>
				<string>8.0</string>
				<key>LD_RUNPATH_SEARCH_PATHS</key>
				<string>$(inherited) @executable_path/Frameworks</string>
				<key>PRODUCT_BUNDLE_IDENTIFIER</key>
				<string>com.sandcastleapps.PartyUP</string>
				<key>PRODUCT_NAME</key>
				<string>$(TARGET_NAME)</string>
				<key>PROVISIONING_PROFILE</key>
				<string></string>
			</dict>
			<key>isa</key>
			<string>XCBuildConfiguration</string>
			<key>name</key>
			<string>Debug</string>
		</dict>
		<key>1F427A271BA59F4C00E622CF</key>
		<dict>
			<key>baseConfigurationReference</key>
			<string>32D34C6B37B78DE55095C096</string>
			<key>buildSettings</key>
			<dict>
				<key>ASSETCATALOG_COMPILER_APPICON_NAME</key>
				<string>AppIcon</string>
				<key>CODE_SIGN_IDENTITY</key>
				<string>iPhone Developer</string>
				<key>CODE_SIGN_IDENTITY[sdk=iphoneos*]</key>
				<string>iPhone Developer</string>
				<key>INFOPLIST_FILE</key>
				<string>PartyUP/Info.plist</string>
				<key>IPHONEOS_DEPLOYMENT_TARGET</key>
				<string>8.0</string>
				<key>LD_RUNPATH_SEARCH_PATHS</key>
				<string>$(inherited) @executable_path/Frameworks</string>
				<key>PRODUCT_BUNDLE_IDENTIFIER</key>
				<string>com.sandcastleapps.PartyUP</string>
				<key>PRODUCT_NAME</key>
				<string>$(TARGET_NAME)</string>
				<key>PROVISIONING_PROFILE</key>
				<string></string>
			</dict>
			<key>isa</key>
			<string>XCBuildConfiguration</string>
			<key>name</key>
			<string>Release</string>
		</dict>
		<key>1F427A281BA59F4C00E622CF</key>
		<dict>
			<key>buildConfigurations</key>
			<array>
				<string>1F427A291BA59F4C00E622CF</string>
				<string>1F427A2A1BA59F4C00E622CF</string>
				<string>1F09187A1C6C110C0020B498</string>
			</array>
			<key>defaultConfigurationIsVisible</key>
			<string>0</string>
			<key>defaultConfigurationName</key>
			<string>Release</string>
			<key>isa</key>
			<string>XCConfigurationList</string>
		</dict>
		<key>1F427A291BA59F4C00E622CF</key>
		<dict>
			<key>buildSettings</key>
			<dict>
				<key>BUNDLE_LOADER</key>
				<string>$(TEST_HOST)</string>
				<key>INFOPLIST_FILE</key>
				<string>PartyUPTests/Info.plist</string>
				<key>LD_RUNPATH_SEARCH_PATHS</key>
				<string>$(inherited) @executable_path/Frameworks @loader_path/Frameworks</string>
				<key>PRODUCT_BUNDLE_IDENTIFIER</key>
				<string>com.sandcastleapps.PartyUPTests</string>
				<key>PRODUCT_NAME</key>
				<string>$(TARGET_NAME)</string>
				<key>TEST_HOST</key>
				<string>$(BUILT_PRODUCTS_DIR)/PartyUP.app/PartyUP</string>
			</dict>
			<key>isa</key>
			<string>XCBuildConfiguration</string>
			<key>name</key>
			<string>Debug</string>
		</dict>
		<key>1F427A2A1BA59F4C00E622CF</key>
		<dict>
			<key>buildSettings</key>
			<dict>
				<key>BUNDLE_LOADER</key>
				<string>$(TEST_HOST)</string>
				<key>INFOPLIST_FILE</key>
				<string>PartyUPTests/Info.plist</string>
				<key>LD_RUNPATH_SEARCH_PATHS</key>
				<string>$(inherited) @executable_path/Frameworks @loader_path/Frameworks</string>
				<key>PRODUCT_BUNDLE_IDENTIFIER</key>
				<string>com.sandcastleapps.PartyUPTests</string>
				<key>PRODUCT_NAME</key>
				<string>$(TARGET_NAME)</string>
				<key>TEST_HOST</key>
				<string>$(BUILT_PRODUCTS_DIR)/PartyUP.app/PartyUP</string>
			</dict>
			<key>isa</key>
			<string>XCBuildConfiguration</string>
			<key>name</key>
			<string>Release</string>
		</dict>
		<key>1F427A2B1BA59F4C00E622CF</key>
		<dict>
			<key>buildConfigurations</key>
			<array>
				<string>1F427A2C1BA59F4C00E622CF</string>
				<string>1F427A2D1BA59F4C00E622CF</string>
				<string>1F09187B1C6C110C0020B498</string>
			</array>
			<key>defaultConfigurationIsVisible</key>
			<string>0</string>
			<key>defaultConfigurationName</key>
			<string>Release</string>
			<key>isa</key>
			<string>XCConfigurationList</string>
		</dict>
		<key>1F427A2C1BA59F4C00E622CF</key>
		<dict>
			<key>buildSettings</key>
			<dict>
				<key>INFOPLIST_FILE</key>
				<string>PartyUPUITests/Info.plist</string>
				<key>LD_RUNPATH_SEARCH_PATHS</key>
				<string>$(inherited) @executable_path/Frameworks @loader_path/Frameworks</string>
				<key>PRODUCT_BUNDLE_IDENTIFIER</key>
				<string>com.sandcastleapps.PartyUPUITests</string>
				<key>PRODUCT_NAME</key>
				<string>$(TARGET_NAME)</string>
				<key>TEST_TARGET_NAME</key>
				<string>PartyUP</string>
				<key>USES_XCTRUNNER</key>
				<string>YES</string>
			</dict>
			<key>isa</key>
			<string>XCBuildConfiguration</string>
			<key>name</key>
			<string>Debug</string>
		</dict>
		<key>1F427A2D1BA59F4C00E622CF</key>
		<dict>
			<key>buildSettings</key>
			<dict>
				<key>INFOPLIST_FILE</key>
				<string>PartyUPUITests/Info.plist</string>
				<key>LD_RUNPATH_SEARCH_PATHS</key>
				<string>$(inherited) @executable_path/Frameworks @loader_path/Frameworks</string>
				<key>PRODUCT_BUNDLE_IDENTIFIER</key>
				<string>com.sandcastleapps.PartyUPUITests</string>
				<key>PRODUCT_NAME</key>
				<string>$(TARGET_NAME)</string>
				<key>TEST_TARGET_NAME</key>
				<string>PartyUP</string>
				<key>USES_XCTRUNNER</key>
				<string>YES</string>
			</dict>
			<key>isa</key>
			<string>XCBuildConfiguration</string>
			<key>name</key>
			<string>Release</string>
		</dict>
		<key>1F69A6251CA5C64200A84731</key>
		<dict>
			<key>children</key>
			<array>
				<string>1FD0E08F1BF56117005590C5</string>
				<string>1F9509941BACACE8005BDC18</string>
				<string>1F69A6261CA5C73300A84731</string>
			</array>
			<key>isa</key>
			<string>PBXGroup</string>
			<key>name</key>
			<string>Extensions</string>
			<key>sourceTree</key>
			<string>&lt;group&gt;</string>
		</dict>
		<key>1F69A6261CA5C73300A84731</key>
		<dict>
			<key>fileEncoding</key>
			<string>4</string>
			<key>isa</key>
			<string>PBXFileReference</string>
			<key>lastKnownFileType</key>
			<string>sourcecode.swift</string>
			<key>path</key>
			<string>NSDateComponentsFormatter+Postfix.swift</string>
			<key>sourceTree</key>
			<string>&lt;group&gt;</string>
		</dict>
		<key>1F69A6271CA5C73300A84731</key>
		<dict>
			<key>fileRef</key>
			<string>1F69A6261CA5C73300A84731</string>
			<key>isa</key>
			<string>PBXBuildFile</string>
		</dict>
		<key>1F71B5DD1C0897B200F5740E</key>
		<dict>
			<key>children</key>
			<array>
				<string>1FAB0ECA1C0B856600E3B392</string>
				<string>1F71B5DE1C0897E800F5740E</string>
				<string>1F783F491CAD99D100B5E753</string>
				<string>1F71B5DF1C0897E800F5740E</string>
			</array>
			<key>isa</key>
			<string>PBXGroup</string>
			<key>name</key>
			<string>Globetrotter</string>
			<key>path</key>
			<string>PartyUP</string>
			<key>sourceTree</key>
			<string>&lt;group&gt;</string>
		</dict>
		<key>1F71B5DE1C0897E800F5740E</key>
		<dict>
			<key>fileEncoding</key>
			<string>4</string>
			<key>isa</key>
			<string>PBXFileReference</string>
			<key>lastKnownFileType</key>
			<string>text.xml</string>
			<key>name</key>
			<string>Governors.gpx</string>
			<key>path</key>
			<string>Globetrotter/Governors.gpx</string>
			<key>sourceTree</key>
			<string>SOURCE_ROOT</string>
		</dict>
		<key>1F71B5DF1C0897E800F5740E</key>
		<dict>
			<key>fileEncoding</key>
			<string>4</string>
			<key>isa</key>
			<string>PBXFileReference</string>
			<key>lastKnownFileType</key>
			<string>text.xml</string>
			<key>name</key>
			<string>Home.gpx</string>
			<key>path</key>
			<string>Globetrotter/Home.gpx</string>
			<key>sourceTree</key>
			<string>SOURCE_ROOT</string>
		</dict>
		<key>1F7463981C04A0AE00182278</key>
		<dict>
			<key>isa</key>
			<string>PBXFileReference</string>
			<key>lastKnownFileType</key>
			<string>text.script.python</string>
			<key>name</key>
			<string>purge.py</string>
			<key>path</key>
			<string>AWSLambdas/purge.py</string>
			<key>sourceTree</key>
			<string>&lt;group&gt;</string>
			<key>usesTabs</key>
			<string>0</string>
		</dict>
		<key>1F7463991C04A11600182278</key>
		<dict>
			<key>children</key>
			<array>
				<string>1F7463981C04A0AE00182278</string>
				<string>1F3BA5931C4C752900F3079F</string>
				<string>1F3BA5941C4D168000F3079F</string>
			</array>
			<key>isa</key>
			<string>PBXGroup</string>
			<key>name</key>
			<string>AWSLambdas</string>
			<key>sourceTree</key>
			<string>&lt;group&gt;</string>
		</dict>
		<key>1F74639A1C04A41700182278</key>
		<dict>
			<key>buildConfigurationList</key>
			<string>1F74639B1C04A41700182278</string>
			<key>buildPhases</key>
			<array>
				<string>1F74639F1C04B89900182278</string>
			</array>
			<key>dependencies</key>
			<array/>
			<key>isa</key>
			<string>PBXAggregateTarget</string>
			<key>name</key>
			<string>PartyPurge</string>
			<key>productName</key>
			<string>PartyPurge</string>
		</dict>
		<key>1F74639B1C04A41700182278</key>
		<dict>
			<key>buildConfigurations</key>
			<array>
				<string>1F74639C1C04A41700182278</string>
				<string>1F74639D1C04A41700182278</string>
				<string>1F09187C1C6C110C0020B498</string>
			</array>
			<key>defaultConfigurationIsVisible</key>
			<string>0</string>
			<key>defaultConfigurationName</key>
			<string>Release</string>
			<key>isa</key>
			<string>XCConfigurationList</string>
		</dict>
		<key>1F74639C1C04A41700182278</key>
		<dict>
			<key>buildSettings</key>
			<dict>
				<key>PRODUCT_NAME</key>
				<string>$(TARGET_NAME)</string>
			</dict>
			<key>isa</key>
			<string>XCBuildConfiguration</string>
			<key>name</key>
			<string>Debug</string>
		</dict>
		<key>1F74639D1C04A41700182278</key>
		<dict>
			<key>buildSettings</key>
			<dict>
				<key>PRODUCT_NAME</key>
				<string>$(TARGET_NAME)</string>
			</dict>
			<key>isa</key>
			<string>XCBuildConfiguration</string>
			<key>name</key>
			<string>Release</string>
		</dict>
		<key>1F74639F1C04B89900182278</key>
		<dict>
			<key>buildActionMask</key>
			<string>2147483647</string>
			<key>files</key>
			<array/>
			<key>inputPaths</key>
			<array>
				<string>$(SRCROOT)/AWSLambdas/purge.py</string>
			</array>
			<key>isa</key>
			<string>PBXShellScriptBuildPhase</string>
			<key>outputPaths</key>
			<array>
				<string>$(DERIVED_FILE_DIR)/$(TARGET_NAME).zip</string>
			</array>
			<key>runOnlyForDeploymentPostprocessing</key>
			<string>0</string>
			<key>shellPath</key>
			<string>/bin/sh</string>
			<key>shellScript</key>
			<string>echo ${SCRIPT_OUTPUT_FILE_0}
echo ${SCRIPT_INPUT_FILE_0}
if [-f ${SCRIPT_OUTPUT_FILE_0}]; then
    rm ${SCRIPT_OUTPUT_FILE_0}
fi

zip -j ${SCRIPT_OUTPUT_FILE_0} ${SCRIPT_INPUT_FILE_0}

aws lambda update-function-code --function-name purgeStaleItems --zip-file fileb://${SCRIPT_OUTPUT_FILE_0}</string>
		</dict>
		<key>1F7687931BFE278200D96768</key>
		<dict>
			<key>fileEncoding</key>
			<string>4</string>
			<key>isa</key>
			<string>PBXFileReference</string>
			<key>lastKnownFileType</key>
			<string>sourcecode.swift</string>
			<key>path</key>
			<string>HudUtilities.swift</string>
			<key>sourceTree</key>
			<string>&lt;group&gt;</string>
		</dict>
		<key>1F7687941BFE278200D96768</key>
		<dict>
			<key>fileRef</key>
			<string>1F7687931BFE278200D96768</string>
			<key>isa</key>
			<string>PBXBuildFile</string>
		</dict>
		<key>1F783F491CAD99D100B5E753</key>
		<dict>
			<key>fileEncoding</key>
			<string>4</string>
			<key>isa</key>
			<string>PBXFileReference</string>
			<key>lastKnownFileType</key>
			<string>text.xml</string>
			<key>name</key>
			<string>CBU.gpx</string>
			<key>path</key>
			<string>Globetrotter/CBU.gpx</string>
			<key>sourceTree</key>
			<string>SOURCE_ROOT</string>
		</dict>
		<key>1F783F4A1CAD99D100B5E753</key>
		<dict>
			<key>fileRef</key>
			<string>1F783F491CAD99D100B5E753</string>
			<key>isa</key>
			<string>PBXBuildFile</string>
		</dict>
		<key>1F8BF1BF1C1C558900221D82</key>
		<dict>
			<key>children</key>
			<array>
				<string>1F8BF1C21C1C55DD00221D82</string>
				<string>1F8BF1C01C1C55C500221D82</string>
				<string>1FF051E21C1FB61800A7A67C</string>
			</array>
			<key>isa</key>
			<string>PBXGroup</string>
			<key>name</key>
			<string>Acknowledgements</string>
			<key>sourceTree</key>
			<string>&lt;group&gt;</string>
		</dict>
		<key>1F8BF1C01C1C55C500221D82</key>
		<dict>
			<key>fileEncoding</key>
			<string>4</string>
			<key>isa</key>
			<string>PBXFileReference</string>
			<key>lastKnownFileType</key>
			<string>sourcecode.swift</string>
			<key>path</key>
			<string>AcknowledgementsController.swift</string>
			<key>sourceTree</key>
			<string>&lt;group&gt;</string>
		</dict>
		<key>1F8BF1C11C1C55C500221D82</key>
		<dict>
			<key>fileRef</key>
			<string>1F8BF1C01C1C55C500221D82</string>
			<key>isa</key>
			<string>PBXBuildFile</string>
		</dict>
		<key>1F8BF1C21C1C55DD00221D82</key>
		<dict>
			<key>children</key>
			<array>
				<string>1F8BF1C31C1C55DD00221D82</string>
				<string>1FF051E41C1FCB5900A7A67C</string>
			</array>
			<key>isa</key>
			<string>PBXVariantGroup</string>
			<key>name</key>
			<string>Acknowledge.storyboard</string>
			<key>sourceTree</key>
			<string>&lt;group&gt;</string>
		</dict>
		<key>1F8BF1C31C1C55DD00221D82</key>
		<dict>
			<key>isa</key>
			<string>PBXFileReference</string>
			<key>lastKnownFileType</key>
			<string>file.storyboard</string>
			<key>name</key>
			<string>Base</string>
			<key>path</key>
			<string>Base.lproj/Acknowledge.storyboard</string>
			<key>sourceTree</key>
			<string>&lt;group&gt;</string>
		</dict>
		<key>1F8BF1C41C1C55DD00221D82</key>
		<dict>
			<key>fileRef</key>
			<string>1F8BF1C21C1C55DD00221D82</string>
			<key>isa</key>
			<string>PBXBuildFile</string>
		</dict>
		<key>1F9509941BACACE8005BDC18</key>
		<dict>
			<key>fileEncoding</key>
			<string>4</string>
			<key>isa</key>
			<string>PBXFileReference</string>
			<key>lastKnownFileType</key>
			<string>sourcecode.swift</string>
			<key>path</key>
			<string>NSURL+Mime.swift</string>
			<key>sourceTree</key>
			<string>&lt;group&gt;</string>
		</dict>
		<key>1F9509951BACACE8005BDC18</key>
		<dict>
			<key>fileRef</key>
			<string>1F9509941BACACE8005BDC18</string>
			<key>isa</key>
			<string>PBXBuildFile</string>
		</dict>
		<key>1F9509961BAF81FB005BDC18</key>
		<dict>
			<key>fileEncoding</key>
			<string>4</string>
			<key>isa</key>
			<string>PBXFileReference</string>
			<key>lastKnownFileType</key>
			<string>sourcecode.swift</string>
			<key>path</key>
			<string>Dynamo.swift</string>
			<key>sourceTree</key>
			<string>&lt;group&gt;</string>
		</dict>
		<key>1F9509971BAF81FB005BDC18</key>
		<dict>
			<key>fileRef</key>
			<string>1F9509961BAF81FB005BDC18</string>
			<key>isa</key>
			<string>PBXBuildFile</string>
		</dict>
		<key>1F9879851C401D060079467E</key>
		<dict>
			<key>isa</key>
			<string>PBXFileReference</string>
			<key>lastKnownFileType</key>
			<string>file</string>
			<key>path</key>
			<string>drink.caf</string>
			<key>sourceTree</key>
			<string>&lt;group&gt;</string>
		</dict>
		<key>1F9879861C401D060079467E</key>
		<dict>
			<key>fileRef</key>
			<string>1F9879851C401D060079467E</string>
			<key>isa</key>
			<string>PBXBuildFile</string>
		</dict>
		<key>1F98968C1C2239DE00B0DB29</key>
		<dict>
			<key>fileRef</key>
			<string>1F98968E1C2239DE00B0DB29</string>
			<key>isa</key>
			<string>PBXBuildFile</string>
		</dict>
		<key>1F98968D1C2239DE00B0DB29</key>
		<dict>
			<key>isa</key>
			<string>PBXFileReference</string>
			<key>lastKnownFileType</key>
			<string>file.storyboard</string>
			<key>name</key>
			<string>Base</string>
			<key>path</key>
			<string>Base.lproj/Baking.storyboard</string>
			<key>sourceTree</key>
			<string>&lt;group&gt;</string>
		</dict>
		<key>1F98968E1C2239DE00B0DB29</key>
		<dict>
			<key>children</key>
			<array>
				<string>1F98968D1C2239DE00B0DB29</string>
				<string>1F9896901C2239E300B0DB29</string>
			</array>
			<key>isa</key>
			<string>PBXVariantGroup</string>
			<key>name</key>
			<string>Baking.storyboard</string>
			<key>sourceTree</key>
			<string>&lt;group&gt;</string>
		</dict>
		<key>1F9896901C2239E300B0DB29</key>
		<dict>
			<key>isa</key>
			<string>PBXFileReference</string>
			<key>lastKnownFileType</key>
			<string>text.plist.strings</string>
			<key>name</key>
			<string>en</string>
			<key>path</key>
			<string>en.lproj/Baking.strings</string>
			<key>sourceTree</key>
			<string>&lt;group&gt;</string>
		</dict>
		<key>1F9896911C2239F000B0DB29</key>
		<dict>
			<key>fileRef</key>
			<string>1F9896931C2239F000B0DB29</string>
			<key>isa</key>
			<string>PBXBuildFile</string>
		</dict>
		<key>1F9896921C2239F000B0DB29</key>
		<dict>
			<key>isa</key>
			<string>PBXFileReference</string>
			<key>lastKnownFileType</key>
			<string>file.storyboard</string>
			<key>name</key>
			<string>Base</string>
			<key>path</key>
			<string>Base.lproj/Tasting.storyboard</string>
			<key>sourceTree</key>
			<string>&lt;group&gt;</string>
		</dict>
		<key>1F9896931C2239F000B0DB29</key>
		<dict>
			<key>children</key>
			<array>
				<string>1F9896921C2239F000B0DB29</string>
				<string>1F9896951C2239F300B0DB29</string>
			</array>
			<key>isa</key>
			<string>PBXVariantGroup</string>
			<key>name</key>
			<string>Tasting.storyboard</string>
			<key>sourceTree</key>
			<string>&lt;group&gt;</string>
		</dict>
		<key>1F9896951C2239F300B0DB29</key>
		<dict>
			<key>isa</key>
			<string>PBXFileReference</string>
			<key>lastKnownFileType</key>
			<string>text.plist.strings</string>
			<key>name</key>
			<string>en</string>
			<key>path</key>
			<string>en.lproj/Tasting.strings</string>
			<key>sourceTree</key>
			<string>&lt;group&gt;</string>
		</dict>
		<key>1F9896961C223D7700B0DB29</key>
		<dict>
			<key>isa</key>
			<string>PBXFileReference</string>
			<key>lastKnownFileType</key>
			<string>text.plist.strings</string>
			<key>name</key>
			<string>en</string>
			<key>path</key>
			<string>en.lproj/Tutorial.strings</string>
			<key>sourceTree</key>
			<string>&lt;group&gt;</string>
		</dict>
		<key>1F9997441BB323D5003457E2</key>
		<dict>
			<key>isa</key>
			<string>PBXFileReference</string>
			<key>lastKnownFileType</key>
			<string>wrapper.framework</string>
			<key>name</key>
			<string>AVFoundation.framework</string>
			<key>path</key>
			<string>System/Library/Frameworks/AVFoundation.framework</string>
			<key>sourceTree</key>
			<string>SDKROOT</string>
		</dict>
		<key>1F9997451BB323D5003457E2</key>
		<dict>
			<key>fileRef</key>
			<string>1F9997441BB323D5003457E2</string>
			<key>isa</key>
			<string>PBXBuildFile</string>
		</dict>
		<key>1F9997461BB48A99003457E2</key>
		<dict>
			<key>fileEncoding</key>
			<string>4</string>
			<key>isa</key>
			<string>PBXFileReference</string>
			<key>lastKnownFileType</key>
			<string>sourcecode.swift</string>
			<key>path</key>
			<string>SampleTastePageController.swift</string>
			<key>sourceTree</key>
			<string>&lt;group&gt;</string>
		</dict>
		<key>1F9997471BB48A99003457E2</key>
		<dict>
			<key>fileRef</key>
			<string>1F9997461BB48A99003457E2</string>
			<key>isa</key>
			<string>PBXBuildFile</string>
		</dict>
		<key>1F9997481BB61939003457E2</key>
		<dict>
			<key>fileEncoding</key>
			<string>4</string>
			<key>isa</key>
			<string>PBXFileReference</string>
			<key>lastKnownFileType</key>
			<string>sourcecode.swift</string>
			<key>path</key>
			<string>RecordSampleController.swift</string>
			<key>sourceTree</key>
			<string>&lt;group&gt;</string>
		</dict>
		<key>1F9997491BB61939003457E2</key>
		<dict>
			<key>fileRef</key>
			<string>1F9997481BB61939003457E2</string>
			<key>isa</key>
			<string>PBXBuildFile</string>
		</dict>
		<key>1F9C367E1C90594F006CD1FA</key>
		<dict>
			<key>fileEncoding</key>
			<string>4</string>
			<key>isa</key>
			<string>PBXFileReference</string>
			<key>lastKnownFileType</key>
			<string>sourcecode.swift</string>
			<key>path</key>
			<string>AdvertisingOverlayController.swift</string>
			<key>sourceTree</key>
			<string>&lt;group&gt;</string>
		</dict>
		<key>1F9C367F1C90594F006CD1FA</key>
		<dict>
			<key>fileRef</key>
			<string>1F9C367E1C90594F006CD1FA</string>
			<key>isa</key>
			<string>PBXBuildFile</string>
		</dict>
		<key>1FAB0ECA1C0B856600E3B392</key>
		<dict>
			<key>fileEncoding</key>
			<string>4</string>
			<key>isa</key>
			<string>PBXFileReference</string>
			<key>lastKnownFileType</key>
			<string>text.xml</string>
			<key>name</key>
			<string>Halifax.gpx</string>
			<key>path</key>
			<string>Globetrotter/Halifax.gpx</string>
			<key>sourceTree</key>
			<string>SOURCE_ROOT</string>
		</dict>
		<key>1FB9164F1C6A42D700ED62DE</key>
		<dict>
			<key>fileEncoding</key>
			<string>4</string>
			<key>isa</key>
			<string>PBXFileReference</string>
			<key>lastKnownFileType</key>
			<string>sourcecode.swift</string>
			<key>path</key>
			<string>PartyTableCell.swift</string>
			<key>sourceTree</key>
			<string>&lt;group&gt;</string>
		</dict>
		<key>1FB916501C6A42D700ED62DE</key>
		<dict>
			<key>fileRef</key>
			<string>1FB9164F1C6A42D700ED62DE</string>
			<key>isa</key>
			<string>PBXBuildFile</string>
		</dict>
		<key>1FBD40021C11DCCD0093D852</key>
		<dict>
			<key>fileEncoding</key>
			<string>4</string>
			<key>isa</key>
			<string>PBXFileReference</string>
			<key>lastKnownFileType</key>
			<string>sourcecode.swift</string>
			<key>path</key>
			<string>RecruitPageController.swift</string>
			<key>sourceTree</key>
			<string>&lt;group&gt;</string>
		</dict>
		<key>1FBD40031C11DCCD0093D852</key>
		<dict>
			<key>fileRef</key>
			<string>1FBD40021C11DCCD0093D852</string>
			<key>isa</key>
			<string>PBXBuildFile</string>
		</dict>
		<key>1FBD40041C11E1060093D852</key>
		<dict>
			<key>fileEncoding</key>
			<string>4</string>
			<key>isa</key>
			<string>PBXFileReference</string>
			<key>lastKnownFileType</key>
			<string>sourcecode.swift</string>
			<key>path</key>
			<string>PageProtocol.swift</string>
			<key>sourceTree</key>
			<string>&lt;group&gt;</string>
		</dict>
		<key>1FBD40051C11E1060093D852</key>
		<dict>
			<key>fileRef</key>
			<string>1FBD40041C11E1060093D852</string>
			<key>isa</key>
			<string>PBXBuildFile</string>
		</dict>
		<key>1FBD40061C120F6B0093D852</key>
		<dict>
			<key>isa</key>
			<string>PBXFileReference</string>
			<key>lastKnownFileType</key>
			<string>text.plist.strings</string>
			<key>name</key>
			<string>en</string>
			<key>path</key>
			<string>en.lproj/Main.strings</string>
			<key>sourceTree</key>
			<string>&lt;group&gt;</string>
		</dict>
		<key>1FBD40071C120F6B0093D852</key>
		<dict>
			<key>isa</key>
			<string>PBXFileReference</string>
			<key>lastKnownFileType</key>
			<string>text.plist.strings</string>
			<key>name</key>
			<string>en</string>
			<key>path</key>
			<string>en.lproj/LaunchScreen.strings</string>
			<key>sourceTree</key>
			<string>&lt;group&gt;</string>
		</dict>
		<key>1FBD400A1C120F6B0093D852</key>
		<dict>
			<key>fileRef</key>
			<string>1FBD400C1C120F6B0093D852</string>
			<key>isa</key>
			<string>PBXBuildFile</string>
		</dict>
		<key>1FBD400B1C120F6B0093D852</key>
		<dict>
			<key>isa</key>
			<string>PBXFileReference</string>
			<key>lastKnownFileType</key>
			<string>text.plist.strings</string>
			<key>name</key>
			<string>en</string>
			<key>path</key>
			<string>en.lproj/InfoPlist.strings</string>
			<key>sourceTree</key>
			<string>&lt;group&gt;</string>
		</dict>
		<key>1FBD400C1C120F6B0093D852</key>
		<dict>
			<key>children</key>
			<array>
				<string>1FBD400B1C120F6B0093D852</string>
			</array>
			<key>isa</key>
			<string>PBXVariantGroup</string>
			<key>name</key>
			<string>InfoPlist.strings</string>
			<key>sourceTree</key>
			<string>&lt;group&gt;</string>
		</dict>
		<key>1FBD400F1C120F6C0093D852</key>
		<dict>
			<key>fileRef</key>
			<string>1FBD40111C120F6C0093D852</string>
			<key>isa</key>
			<string>PBXBuildFile</string>
		</dict>
		<key>1FBD40101C120F6C0093D852</key>
		<dict>
			<key>isa</key>
			<string>PBXFileReference</string>
			<key>lastKnownFileType</key>
			<string>text.plist.strings</string>
			<key>name</key>
			<string>en</string>
			<key>path</key>
			<string>en.lproj/InfoPlist.strings</string>
			<key>sourceTree</key>
			<string>&lt;group&gt;</string>
		</dict>
		<key>1FBD40111C120F6C0093D852</key>
		<dict>
			<key>children</key>
			<array>
				<string>1FBD40101C120F6C0093D852</string>
			</array>
			<key>isa</key>
			<string>PBXVariantGroup</string>
			<key>name</key>
			<string>InfoPlist.strings</string>
			<key>sourceTree</key>
			<string>&lt;group&gt;</string>
		</dict>
		<key>1FBD40141C120F6C0093D852</key>
		<dict>
			<key>fileRef</key>
			<string>1FBD40161C120F6C0093D852</string>
			<key>isa</key>
			<string>PBXBuildFile</string>
		</dict>
		<key>1FBD40151C120F6C0093D852</key>
		<dict>
			<key>isa</key>
			<string>PBXFileReference</string>
			<key>lastKnownFileType</key>
			<string>text.plist.strings</string>
			<key>name</key>
			<string>en</string>
			<key>path</key>
			<string>en.lproj/Localizable.strings</string>
			<key>sourceTree</key>
			<string>&lt;group&gt;</string>
		</dict>
		<key>1FBD40161C120F6C0093D852</key>
		<dict>
			<key>children</key>
			<array>
				<string>1FBD40151C120F6C0093D852</string>
			</array>
			<key>isa</key>
			<string>PBXVariantGroup</string>
			<key>name</key>
			<string>Localizable.strings</string>
			<key>sourceTree</key>
			<string>&lt;group&gt;</string>
		</dict>
		<key>1FBD40191C120F6C0093D852</key>
		<dict>
			<key>fileRef</key>
			<string>1FBD401B1C120F6C0093D852</string>
			<key>isa</key>
			<string>PBXBuildFile</string>
		</dict>
		<key>1FBD401A1C120F6C0093D852</key>
		<dict>
			<key>isa</key>
			<string>PBXFileReference</string>
			<key>lastKnownFileType</key>
			<string>text.plist.strings</string>
			<key>name</key>
			<string>en</string>
			<key>path</key>
			<string>en.lproj/InfoPlist.strings</string>
			<key>sourceTree</key>
			<string>&lt;group&gt;</string>
		</dict>
		<key>1FBD401B1C120F6C0093D852</key>
		<dict>
			<key>children</key>
			<array>
				<string>1FBD401A1C120F6C0093D852</string>
			</array>
			<key>isa</key>
			<string>PBXVariantGroup</string>
			<key>name</key>
			<string>InfoPlist.strings</string>
			<key>sourceTree</key>
			<string>&lt;group&gt;</string>
		</dict>
		<key>1FBD401C1C14609C0093D852</key>
		<dict>
			<key>fileEncoding</key>
			<string>4</string>
			<key>isa</key>
			<string>PBXFileReference</string>
			<key>lastKnownFileType</key>
			<string>sourcecode.swift</string>
			<key>path</key>
			<string>PartyPlace.swift</string>
			<key>sourceTree</key>
			<string>&lt;group&gt;</string>
		</dict>
		<key>1FBD401D1C14609C0093D852</key>
		<dict>
			<key>fileRef</key>
			<string>1FBD401C1C14609C0093D852</string>
			<key>isa</key>
			<string>PBXBuildFile</string>
		</dict>
		<key>1FD0E08F1BF56117005590C5</key>
		<dict>
			<key>fileEncoding</key>
			<string>4</string>
			<key>isa</key>
			<string>PBXFileReference</string>
			<key>lastKnownFileType</key>
			<string>sourcecode.swift</string>
			<key>path</key>
			<string>CALayer+RuntimeAttributes.swift</string>
			<key>sourceTree</key>
			<string>&lt;group&gt;</string>
		</dict>
		<key>1FD0E0901BF56117005590C5</key>
		<dict>
			<key>fileRef</key>
			<string>1FD0E08F1BF56117005590C5</string>
			<key>isa</key>
			<string>PBXBuildFile</string>
		</dict>
		<key>1FD1CDC51C8318B00003C744</key>
		<dict>
			<key>fileEncoding</key>
			<string>4</string>
			<key>isa</key>
			<string>PBXFileReference</string>
			<key>lastKnownFileType</key>
			<string>sourcecode.swift</string>
			<key>path</key>
			<string>Defensive.swift</string>
			<key>sourceTree</key>
			<string>&lt;group&gt;</string>
		</dict>
		<key>1FD1CDC61C8318B00003C744</key>
		<dict>
			<key>fileRef</key>
			<string>1FD1CDC51C8318B00003C744</string>
			<key>isa</key>
			<string>PBXBuildFile</string>
		</dict>
		<key>1FDA2F261BB1914100D33540</key>
		<dict>
			<key>children</key>
			<array>
				<string>1F427A041BA59F4C00E622CF</string>
				<string>1F03C3791BA898F20037D7D8</string>
				<string>1FEF0D4C1BEE189F00A1F689</string>
				<string>1F08469C1C32C0490064FBDD</string>
				<string>1F10FD951C624A050090743C</string>
				<string>1FB9164F1C6A42D700ED62DE</string>
			</array>
			<key>isa</key>
			<string>PBXGroup</string>
			<key>name</key>
			<string>Party</string>
			<key>sourceTree</key>
			<string>&lt;group&gt;</string>
		</dict>
		<key>1FDA2F271BB1916D00D33540</key>
		<dict>
			<key>children</key>
			<array>
				<string>1F9896931C2239F000B0DB29</string>
				<string>1FDA2F291BB1930D00D33540</string>
				<string>1F9997461BB48A99003457E2</string>
				<string>1FBD40021C11DCCD0093D852</string>
				<string>1FBD40041C11E1060093D852</string>
				<string>1F9C367E1C90594F006CD1FA</string>
			</array>
			<key>isa</key>
			<string>PBXGroup</string>
			<key>name</key>
			<string>Taste Sample</string>
			<key>sourceTree</key>
			<string>&lt;group&gt;</string>
		</dict>
		<key>1FDA2F281BB191D500D33540</key>
		<dict>
			<key>children</key>
			<array>
				<string>1F98968E1C2239DE00B0DB29</string>
				<string>1F9997481BB61939003457E2</string>
				<string>1FEF51101BBF4D1500710948</string>
				<string>1F226D3B1BEC2CEE00BB85E2</string>
			</array>
			<key>isa</key>
			<string>PBXGroup</string>
			<key>name</key>
			<string>Bake Sample</string>
			<key>sourceTree</key>
			<string>&lt;group&gt;</string>
		</dict>
		<key>1FDA2F291BB1930D00D33540</key>
		<dict>
			<key>fileEncoding</key>
			<string>4</string>
			<key>isa</key>
			<string>PBXFileReference</string>
			<key>lastKnownFileType</key>
			<string>sourcecode.swift</string>
			<key>path</key>
			<string>SampleTastingContoller.swift</string>
			<key>sourceTree</key>
			<string>&lt;group&gt;</string>
		</dict>
		<key>1FDA2F2A1BB1930D00D33540</key>
		<dict>
			<key>fileRef</key>
			<string>1FDA2F291BB1930D00D33540</string>
			<key>isa</key>
			<string>PBXBuildFile</string>
		</dict>
		<key>1FDA455A1C1CECD200F5E458</key>
		<dict>
			<key>fileEncoding</key>
			<string>4</string>
			<key>isa</key>
			<string>PBXFileReference</string>
			<key>lastKnownFileType</key>
			<string>sourcecode.swift</string>
			<key>path</key>
			<string>ShareUtilities.swift</string>
			<key>sourceTree</key>
			<string>&lt;group&gt;</string>
		</dict>
		<key>1FDA455B1C1CECD200F5E458</key>
		<dict>
			<key>fileRef</key>
			<string>1FDA455A1C1CECD200F5E458</string>
			<key>isa</key>
			<string>PBXBuildFile</string>
		</dict>
		<key>1FDA455C1C1DAEFB00F5E458</key>
		<dict>
			<key>children</key>
			<array>
				<string>1FF051E71C20560100A7A67C</string>
				<string>1FDA455F1C1DB02300F5E458</string>
				<string>1FDA45611C1E2D5400F5E458</string>
			</array>
			<key>isa</key>
			<string>PBXGroup</string>
			<key>name</key>
			<string>Tutorial</string>
			<key>sourceTree</key>
			<string>&lt;group&gt;</string>
		</dict>
		<key>1FDA455F1C1DB02300F5E458</key>
		<dict>
			<key>fileEncoding</key>
			<string>4</string>
			<key>isa</key>
			<string>PBXFileReference</string>
			<key>lastKnownFileType</key>
			<string>sourcecode.swift</string>
			<key>path</key>
			<string>TutorialController.swift</string>
			<key>sourceTree</key>
			<string>&lt;group&gt;</string>
		</dict>
		<key>1FDA45601C1DB02300F5E458</key>
		<dict>
			<key>fileRef</key>
			<string>1FDA455F1C1DB02300F5E458</string>
			<key>isa</key>
			<string>PBXBuildFile</string>
		</dict>
		<key>1FDA45611C1E2D5400F5E458</key>
		<dict>
			<key>fileEncoding</key>
			<string>4</string>
			<key>isa</key>
			<string>PBXFileReference</string>
			<key>lastKnownFileType</key>
			<string>sourcecode.swift</string>
			<key>path</key>
			<string>TutorialPageController.swift</string>
			<key>sourceTree</key>
			<string>&lt;group&gt;</string>
		</dict>
		<key>1FDA45621C1E2D5400F5E458</key>
		<dict>
			<key>fileRef</key>
			<string>1FDA45611C1E2D5400F5E458</string>
			<key>isa</key>
			<string>PBXBuildFile</string>
		</dict>
		<key>1FEF0D4C1BEE189F00A1F689</key>
		<dict>
			<key>fileEncoding</key>
			<string>4</string>
			<key>isa</key>
			<string>PBXFileReference</string>
			<key>lastKnownFileType</key>
			<string>sourcecode.swift</string>
			<key>path</key>
			<string>PartyRootController.swift</string>
			<key>sourceTree</key>
			<string>&lt;group&gt;</string>
		</dict>
		<key>1FEF0D4D1BEE189F00A1F689</key>
		<dict>
			<key>fileRef</key>
			<string>1FEF0D4C1BEE189F00A1F689</string>
			<key>isa</key>
			<string>PBXBuildFile</string>
		</dict>
		<key>1FEF51101BBF4D1500710948</key>
		<dict>
			<key>fileEncoding</key>
			<string>4</string>
			<key>isa</key>
			<string>PBXFileReference</string>
			<key>lastKnownFileType</key>
			<string>sourcecode.swift</string>
			<key>path</key>
			<string>AcceptSampleController.swift</string>
			<key>sourceTree</key>
			<string>&lt;group&gt;</string>
		</dict>
		<key>1FEF51111BBF4D1500710948</key>
		<dict>
			<key>fileRef</key>
			<string>1FEF51101BBF4D1500710948</string>
			<key>isa</key>
			<string>PBXBuildFile</string>
		</dict>
		<key>1FF051E21C1FB61800A7A67C</key>
		<dict>
			<key>fileEncoding</key>
			<string>4</string>
			<key>isa</key>
			<string>PBXFileReference</string>
			<key>lastKnownFileType</key>
			<string>sourcecode.swift</string>
			<key>path</key>
			<string>WebPageController.swift</string>
			<key>sourceTree</key>
			<string>&lt;group&gt;</string>
		</dict>
		<key>1FF051E31C1FB61800A7A67C</key>
		<dict>
			<key>fileRef</key>
			<string>1FF051E21C1FB61800A7A67C</string>
			<key>isa</key>
			<string>PBXBuildFile</string>
		</dict>
		<key>1FF051E41C1FCB5900A7A67C</key>
		<dict>
			<key>isa</key>
			<string>PBXFileReference</string>
			<key>lastKnownFileType</key>
			<string>text.plist.strings</string>
			<key>name</key>
			<string>en</string>
			<key>path</key>
			<string>en.lproj/Acknowledge.strings</string>
			<key>sourceTree</key>
			<string>&lt;group&gt;</string>
		</dict>
		<key>1FF051E51C20560100A7A67C</key>
		<dict>
			<key>fileRef</key>
			<string>1FF051E71C20560100A7A67C</string>
			<key>isa</key>
			<string>PBXBuildFile</string>
		</dict>
		<key>1FF051E71C20560100A7A67C</key>
		<dict>
			<key>children</key>
			<array>
				<string>1FF051E81C20562E00A7A67C</string>
				<string>1F9896961C223D7700B0DB29</string>
			</array>
			<key>isa</key>
			<string>PBXVariantGroup</string>
			<key>name</key>
			<string>Tutorial.storyboard</string>
			<key>sourceTree</key>
			<string>&lt;group&gt;</string>
		</dict>
		<key>1FF051E81C20562E00A7A67C</key>
		<dict>
			<key>isa</key>
			<string>PBXFileReference</string>
			<key>lastKnownFileType</key>
			<string>file.storyboard</string>
			<key>name</key>
			<string>Base</string>
			<key>path</key>
			<string>Base.lproj/Tutorial.storyboard</string>
			<key>sourceTree</key>
			<string>&lt;group&gt;</string>
		</dict>
		<key>1FF2BA991BCAC7A200336651</key>
		<dict>
			<key>isa</key>
			<string>PBXFileReference</string>
			<key>lastKnownFileType</key>
			<string>wrapper.framework</string>
			<key>name</key>
			<string>CoreData.framework</string>
			<key>path</key>
			<string>System/Library/Frameworks/CoreData.framework</string>
			<key>sourceTree</key>
			<string>SDKROOT</string>
		</dict>
		<key>278EBC8A59A48011B5054E11</key>
		<dict>
			<key>includeInIndex</key>
			<string>1</string>
			<key>isa</key>
			<string>PBXFileReference</string>
			<key>lastKnownFileType</key>
			<string>text.xcconfig</string>
			<key>name</key>
			<string>Pods-PartyUP.deployment.xcconfig</string>
			<key>path</key>
			<string>Pods/Target Support Files/Pods-PartyUP/Pods-PartyUP.deployment.xcconfig</string>
			<key>sourceTree</key>
			<string>&lt;group&gt;</string>
		</dict>
		<key>291D82C92F95935A10796D6B</key>
		<dict>
			<key>buildActionMask</key>
			<string>2147483647</string>
			<key>files</key>
			<array/>
			<key>inputPaths</key>
			<array/>
			<key>isa</key>
			<string>PBXShellScriptBuildPhase</string>
			<key>name</key>
			<string>Check Pods Manifest.lock</string>
			<key>outputPaths</key>
			<array/>
			<key>runOnlyForDeploymentPostprocessing</key>
			<string>0</string>
			<key>shellPath</key>
			<string>/bin/sh</string>
			<key>shellScript</key>
			<string>diff "${PODS_ROOT}/../Podfile.lock" "${PODS_ROOT}/Manifest.lock" &gt; /dev/null
if [[ $? != 0 ]] ; then
    cat &lt;&lt; EOM
error: The sandbox is not in sync with the Podfile.lock. Run 'pod install' or update your CocoaPods installation.
EOM
    exit 1
fi
</string>
			<key>showEnvVarsInLog</key>
			<string>0</string>
		</dict>
		<key>32D34C6B37B78DE55095C096</key>
		<dict>
			<key>includeInIndex</key>
			<string>1</string>
			<key>isa</key>
			<string>PBXFileReference</string>
			<key>lastKnownFileType</key>
			<string>text.xcconfig</string>
			<key>name</key>
			<string>Pods-PartyUP.release.xcconfig</string>
			<key>path</key>
			<string>Pods/Target Support Files/Pods-PartyUP/Pods-PartyUP.release.xcconfig</string>
			<key>sourceTree</key>
			<string>&lt;group&gt;</string>
		</dict>
		<key>7EE829BA4B1CF0AEA5ED4483</key>
		<dict>
			<key>fileRef</key>
			<string>128EACD71E506CC4A1C9C3CF</string>
			<key>isa</key>
			<string>PBXBuildFile</string>
		</dict>
		<key>D406C41E4BF32F7A8002EA8B</key>
		<dict>
			<key>buildActionMask</key>
			<string>2147483647</string>
			<key>files</key>
			<array/>
			<key>inputPaths</key>
			<array/>
			<key>isa</key>
			<string>PBXShellScriptBuildPhase</string>
			<key>name</key>
			<string>Embed Pods Frameworks</string>
			<key>outputPaths</key>
			<array/>
			<key>runOnlyForDeploymentPostprocessing</key>
			<string>0</string>
			<key>shellPath</key>
			<string>/bin/sh</string>
			<key>shellScript</key>
			<string>"${SRCROOT}/Pods/Target Support Files/Pods-PartyUP/Pods-PartyUP-frameworks.sh"
</string>
			<key>showEnvVarsInLog</key>
			<string>0</string>
		</dict>
		<key>E250F03FAB390B1DB74C492F</key>
		<dict>
			<key>includeInIndex</key>
			<string>1</string>
			<key>isa</key>
			<string>PBXFileReference</string>
			<key>lastKnownFileType</key>
			<string>text.xcconfig</string>
			<key>name</key>
			<string>Pods-PartyUP.debug.xcconfig</string>
			<key>path</key>
			<string>Pods/Target Support Files/Pods-PartyUP/Pods-PartyUP.debug.xcconfig</string>
			<key>sourceTree</key>
			<string>&lt;group&gt;</string>
		</dict>
		<key>F45C5C08936EE0B946D71CE9</key>
		<dict>
			<key>children</key>
			<array>
				<string>E250F03FAB390B1DB74C492F</string>
				<string>32D34C6B37B78DE55095C096</string>
				<string>278EBC8A59A48011B5054E11</string>
			</array>
			<key>isa</key>
			<string>PBXGroup</string>
			<key>name</key>
			<string>Pods</string>
			<key>sourceTree</key>
			<string>&lt;group&gt;</string>
		</dict>
		<key>F85F7E22C476F7FF283C6632</key>
		<dict>
			<key>buildActionMask</key>
			<string>2147483647</string>
			<key>files</key>
			<array/>
			<key>inputPaths</key>
			<array/>
			<key>isa</key>
			<string>PBXShellScriptBuildPhase</string>
			<key>name</key>
			<string>Copy Pods Resources</string>
			<key>outputPaths</key>
			<array/>
			<key>runOnlyForDeploymentPostprocessing</key>
			<string>0</string>
			<key>shellPath</key>
			<string>/bin/sh</string>
			<key>shellScript</key>
			<string>"${SRCROOT}/Pods/Target Support Files/Pods-PartyUP/Pods-PartyUP-resources.sh"
</string>
			<key>showEnvVarsInLog</key>
			<string>0</string>
		</dict>
	</dict>
	<key>rootObject</key>
	<string>1F4279F51BA59F4C00E622CF</string>
</dict>
</plist>
